
Microsoft Visual Studio Solution File, Format Version 12.00
# Visual Studio Version 17
VisualStudioVersion = 17.8.34525.116
MinimumVisualStudioVersion = 10.0.40219.1
Project("{9A19103F-16F7-4668-BE54-9A1E7A4F7556}") = "HeBianGu.Test.Controls", "..\Source\Test\HeBianGu.Test.Controls\HeBianGu.Test.Controls.csproj", "{0D820C66-3F3B-4EEB-8AE8-410CA09DD7B7}"
EndProject
Project("{9A19103F-16F7-4668-BE54-9A1E7A4F7556}") = "HeBianGu.Test.Controls.Android", "..\Source\Test\HeBianGu.Test.Controls.Android\HeBianGu.Test.Controls.Android.csproj", "{07E8E596-B94B-42D7-AFEA-1DCFD30154A4}"
EndProject
Project("{9A19103F-16F7-4668-BE54-9A1E7A4F7556}") = "HeBianGu.Test.Controls.Desktop", "..\Source\Test\HeBianGu.Test.Controls.Desktop\HeBianGu.Test.Controls.Desktop.csproj", "{A0D80B46-C909-4BF3-BB15-C35CDA5146D2}"
EndProject
Project("{9A19103F-16F7-4668-BE54-9A1E7A4F7556}") = "HeBianGu.Test.Main", "..\Source\Test\HeBianGu.Test.Main\HeBianGu.Test.Main.csproj", "{FA0E09AA-E408-4070-A971-C881AA08D19D}"
EndProject
Project("{9A19103F-16F7-4668-BE54-9A1E7A4F7556}") = "HeBianGu.Test.Main.Android", "..\Source\Test\HeBianGu.Test.Main.Android\HeBianGu.Test.Main.Android.csproj", "{0FE8A792-729B-4A75-848A-2D0747A22702}"
EndProject
Project("{9A19103F-16F7-4668-BE54-9A1E7A4F7556}") = "HeBianGu.Test.Main.Desktop", "..\Source\Test\HeBianGu.Test.Main.Desktop\HeBianGu.Test.Main.Desktop.csproj", "{FD921623-7578-48A3-8602-5C4791317D78}"
EndProject
Project("{9A19103F-16F7-4668-BE54-9A1E7A4F7556}") = "HeBianGu.Controls.MultiComboBox", "..\Source\Controls\HeBianGu.Controls.MultiComboBox\HeBianGu.Controls.MultiComboBox.csproj", "{0718836C-6B82-4B6B-B905-D6962394119A}"
EndProject
Project("{FAE04EC0-301F-11D3-BF4B-00C04F79EFBC}") = "HeBianGu.Controls.TemplateControl", "..\Source\Controls\HeBianGu.Controls.TemplateControl\HeBianGu.Controls.TemplateControl.csproj", "{F4AE317B-C034-4B54-844F-026F062B871C}"
EndProject
Project("{FAE04EC0-301F-11D3-BF4B-00C04F79EFBC}") = "HeBianGu.Themes.Default", "..\Source\Themes\HeBianGu.Themes.Default\HeBianGu.Themes.Default.csproj", "{E227CD42-EEFE-49C1-AF16-6C1624590327}"
EndProject
Project("{FAE04EC0-301F-11D3-BF4B-00C04F79EFBC}") = "HeBianGu.Styles.Default", "..\Source\Styles\HeBianGu.Styles.Default\HeBianGu.Styles.Default.csproj", "{3B30AE60-B751-47C5-9929-7E4D6F63E40B}"
EndProject
Project("{9A19103F-16F7-4668-BE54-9A1E7A4F7556}") = "HeBianGu.Test.Style", "..\Source\Test\HeBianGu.Test.Style\HeBianGu.Test.Style.csproj", "{0F8A45BD-7A6D-4135-B5E1-05EF15416592}"
EndProject
Project("{9A19103F-16F7-4668-BE54-9A1E7A4F7556}") = "HeBianGu.Test.Style.Android", "..\Source\Test\HeBianGu.Test.Style.Android\HeBianGu.Test.Style.Android.csproj", "{E7311E28-5B6A-40A0-B600-7E3E0E4454CE}"
EndProject
Project("{9A19103F-16F7-4668-BE54-9A1E7A4F7556}") = "HeBianGu.Test.Style.Desktop", "..\Source\Test\HeBianGu.Test.Style.Desktop\HeBianGu.Test.Style.Desktop.csproj", "{C04C3008-F055-4D17-90D1-C4D00A88ED4F}"
EndProject
Project("{2150E333-8FDC-42A3-9474-1A3956D46DE8}") = "1 - Test", "1 - Test", "{C4BE41AE-DD8E-4D34-9951-5BADAF85BE53}"
EndProject
Project("{2150E333-8FDC-42A3-9474-1A3956D46DE8}") = "2 - Controls", "2 - Controls", "{3B623333-0D74-4C71-BD6E-57FB1AB51512}"
EndProject
Project("{2150E333-8FDC-42A3-9474-1A3956D46DE8}") = "3 - Styles", "3 - Styles", "{20A5A6F5-B1C4-44C4-B29E-AF35F015B582}"
EndProject
Project("{2150E333-8FDC-42A3-9474-1A3956D46DE8}") = "4 - Themes", "4 - Themes", "{A2D250F1-4173-41CB-A2EA-791B9E9CA65B}"
EndProject
Global
	GlobalSection(SolutionConfigurationPlatforms) = preSolution
		Debug|Any CPU = Debug|Any CPU
		Release|Any CPU = Release|Any CPU
	EndGlobalSection
	GlobalSection(ProjectConfigurationPlatforms) = postSolution
		{0D820C66-3F3B-4EEB-8AE8-410CA09DD7B7}.Debug|Any CPU.ActiveCfg = Debug|Any CPU
		{0D820C66-3F3B-4EEB-8AE8-410CA09DD7B7}.Debug|Any CPU.Build.0 = Debug|Any CPU
		{0D820C66-3F3B-4EEB-8AE8-410CA09DD7B7}.Release|Any CPU.ActiveCfg = Release|Any CPU
		{0D820C66-3F3B-4EEB-8AE8-410CA09DD7B7}.Release|Any CPU.Build.0 = Release|Any CPU
		{07E8E596-B94B-42D7-AFEA-1DCFD30154A4}.Debug|Any CPU.ActiveCfg = Debug|Any CPU
		{07E8E596-B94B-42D7-AFEA-1DCFD30154A4}.Debug|Any CPU.Build.0 = Debug|Any CPU
		{07E8E596-B94B-42D7-AFEA-1DCFD30154A4}.Debug|Any CPU.Deploy.0 = Debug|Any CPU
		{07E8E596-B94B-42D7-AFEA-1DCFD30154A4}.Release|Any CPU.ActiveCfg = Release|Any CPU
		{07E8E596-B94B-42D7-AFEA-1DCFD30154A4}.Release|Any CPU.Build.0 = Release|Any CPU
		{07E8E596-B94B-42D7-AFEA-1DCFD30154A4}.Release|Any CPU.Deploy.0 = Release|Any CPU
		{A0D80B46-C909-4BF3-BB15-C35CDA5146D2}.Debug|Any CPU.ActiveCfg = Debug|Any CPU
		{A0D80B46-C909-4BF3-BB15-C35CDA5146D2}.Debug|Any CPU.Build.0 = Debug|Any CPU
		{A0D80B46-C909-4BF3-BB15-C35CDA5146D2}.Release|Any CPU.ActiveCfg = Release|Any CPU
		{A0D80B46-C909-4BF3-BB15-C35CDA5146D2}.Release|Any CPU.Build.0 = Release|Any CPU
		{FA0E09AA-E408-4070-A971-C881AA08D19D}.Debug|Any CPU.ActiveCfg = Debug|Any CPU
		{FA0E09AA-E408-4070-A971-C881AA08D19D}.Debug|Any CPU.Build.0 = Debug|Any CPU
		{FA0E09AA-E408-4070-A971-C881AA08D19D}.Release|Any CPU.ActiveCfg = Release|Any CPU
		{FA0E09AA-E408-4070-A971-C881AA08D19D}.Release|Any CPU.Build.0 = Release|Any CPU
		{0FE8A792-729B-4A75-848A-2D0747A22702}.Debug|Any CPU.ActiveCfg = Debug|Any CPU
		{0FE8A792-729B-4A75-848A-2D0747A22702}.Debug|Any CPU.Build.0 = Debug|Any CPU
		{0FE8A792-729B-4A75-848A-2D0747A22702}.Debug|Any CPU.Deploy.0 = Debug|Any CPU
		{0FE8A792-729B-4A75-848A-2D0747A22702}.Release|Any CPU.ActiveCfg = Release|Any CPU
		{0FE8A792-729B-4A75-848A-2D0747A22702}.Release|Any CPU.Build.0 = Release|Any CPU
		{0FE8A792-729B-4A75-848A-2D0747A22702}.Release|Any CPU.Deploy.0 = Release|Any CPU
		{FD921623-7578-48A3-8602-5C4791317D78}.Debug|Any CPU.ActiveCfg = Debug|Any CPU
		{FD921623-7578-48A3-8602-5C4791317D78}.Debug|Any CPU.Build.0 = Debug|Any CPU
		{FD921623-7578-48A3-8602-5C4791317D78}.Release|Any CPU.ActiveCfg = Release|Any CPU
		{FD921623-7578-48A3-8602-5C4791317D78}.Release|Any CPU.Build.0 = Release|Any CPU
		{0718836C-6B82-4B6B-B905-D6962394119A}.Debug|Any CPU.ActiveCfg = Debug|Any CPU
		{0718836C-6B82-4B6B-B905-D6962394119A}.Debug|Any CPU.Build.0 = Debug|Any CPU
		{0718836C-6B82-4B6B-B905-D6962394119A}.Release|Any CPU.ActiveCfg = Release|Any CPU
		{0718836C-6B82-4B6B-B905-D6962394119A}.Release|Any CPU.Build.0 = Release|Any CPU
		{F4AE317B-C034-4B54-844F-026F062B871C}.Debug|Any CPU.ActiveCfg = Debug|Any CPU
		{F4AE317B-C034-4B54-844F-026F062B871C}.Debug|Any CPU.Build.0 = Debug|Any CPU
		{F4AE317B-C034-4B54-844F-026F062B871C}.Release|Any CPU.ActiveCfg = Release|Any CPU
		{F4AE317B-C034-4B54-844F-026F062B871C}.Release|Any CPU.Build.0 = Release|Any CPU
		{E227CD42-EEFE-49C1-AF16-6C1624590327}.Debug|Any CPU.ActiveCfg = Debug|Any CPU
		{E227CD42-EEFE-49C1-AF16-6C1624590327}.Debug|Any CPU.Build.0 = Debug|Any CPU
		{E227CD42-EEFE-49C1-AF16-6C1624590327}.Release|Any CPU.ActiveCfg = Release|Any CPU
		{E227CD42-EEFE-49C1-AF16-6C1624590327}.Release|Any CPU.Build.0 = Release|Any CPU
		{3B30AE60-B751-47C5-9929-7E4D6F63E40B}.Debug|Any CPU.ActiveCfg = Debug|Any CPU
		{3B30AE60-B751-47C5-9929-7E4D6F63E40B}.Debug|Any CPU.Build.0 = Debug|Any CPU
		{3B30AE60-B751-47C5-9929-7E4D6F63E40B}.Release|Any CPU.ActiveCfg = Release|Any CPU
		{3B30AE60-B751-47C5-9929-7E4D6F63E40B}.Release|Any CPU.Build.0 = Release|Any CPU
		{0F8A45BD-7A6D-4135-B5E1-05EF15416592}.Debug|Any CPU.ActiveCfg = Debug|Any CPU
		{0F8A45BD-7A6D-4135-B5E1-05EF15416592}.Debug|Any CPU.Build.0 = Debug|Any CPU
		{0F8A45BD-7A6D-4135-B5E1-05EF15416592}.Release|Any CPU.ActiveCfg = Release|Any CPU
		{0F8A45BD-7A6D-4135-B5E1-05EF15416592}.Release|Any CPU.Build.0 = Release|Any CPU
		{E7311E28-5B6A-40A0-B600-7E3E0E4454CE}.Debug|Any CPU.ActiveCfg = Debug|Any CPU
		{E7311E28-5B6A-40A0-B600-7E3E0E4454CE}.Debug|Any CPU.Build.0 = Debug|Any CPU
		{E7311E28-5B6A-40A0-B600-7E3E0E4454CE}.Debug|Any CPU.Deploy.0 = Debug|Any CPU
		{E7311E28-5B6A-40A0-B600-7E3E0E4454CE}.Release|Any CPU.ActiveCfg = Release|Any CPU
		{E7311E28-5B6A-40A0-B600-7E3E0E4454CE}.Release|Any CPU.Build.0 = Release|Any CPU
		{E7311E28-5B6A-40A0-B600-7E3E0E4454CE}.Release|Any CPU.Deploy.0 = Release|Any CPU
		{C04C3008-F055-4D17-90D1-C4D00A88ED4F}.Debug|Any CPU.ActiveCfg = Debug|Any CPU
		{C04C3008-F055-4D17-90D1-C4D00A88ED4F}.Debug|Any CPU.Build.0 = Debug|Any CPU
		{C04C3008-F055-4D17-90D1-C4D00A88ED4F}.Release|Any CPU.ActiveCfg = Release|Any CPU
		{C04C3008-F055-4D17-90D1-C4D00A88ED4F}.Release|Any CPU.Build.0 = Release|Any CPU
	EndGlobalSection
	GlobalSection(SolutionProperties) = preSolution
		HideSolutionNode = FALSE
	EndGlobalSection
	GlobalSection(NestedProjects) = preSolution
		{0D820C66-3F3B-4EEB-8AE8-410CA09DD7B7} = {C4BE41AE-DD8E-4D34-9951-5BADAF85BE53}
		{07E8E596-B94B-42D7-AFEA-1DCFD30154A4} = {C4BE41AE-DD8E-4D34-9951-5BADAF85BE53}
		{A0D80B46-C909-4BF3-BB15-C35CDA5146D2} = {C4BE41AE-DD8E-4D34-9951-5BADAF85BE53}
		{FA0E09AA-E408-4070-A971-C881AA08D19D} = {C4BE41AE-DD8E-4D34-9951-5BADAF85BE53}
		{0FE8A792-729B-4A75-848A-2D0747A22702} = {C4BE41AE-DD8E-4D34-9951-5BADAF85BE53}
		{FD921623-7578-48A3-8602-5C4791317D78} = {C4BE41AE-DD8E-4D34-9951-5BADAF85BE53}
		{0718836C-6B82-4B6B-B905-D6962394119A} = {3B623333-0D74-4C71-BD6E-57FB1AB51512}
		{F4AE317B-C034-4B54-844F-026F062B871C} = {3B623333-0D74-4C71-BD6E-57FB1AB51512}
		{E227CD42-EEFE-49C1-AF16-6C1624590327} = {A2D250F1-4173-41CB-A2EA-791B9E9CA65B}
		{3B30AE60-B751-47C5-9929-7E4D6F63E40B} = {20A5A6F5-B1C4-44C4-B29E-AF35F015B582}
		{0F8A45BD-7A6D-4135-B5E1-05EF15416592} = {C4BE41AE-DD8E-4D34-9951-5BADAF85BE53}
		{E7311E28-5B6A-40A0-B600-7E3E0E4454CE} = {C4BE41AE-DD8E-4D34-9951-5BADAF85BE53}
		{C04C3008-F055-4D17-90D1-C4D00A88ED4F} = {C4BE41AE-DD8E-4D34-9951-5BADAF85BE53}
	EndGlobalSection
	GlobalSection(ExtensibilityGlobals) = postSolution
		SolutionGuid = {EC68E9A1-91AC-4B6A-B817-573F85D4F550}
	EndGlobalSection
EndGlobal
