
Microsoft Visual Studio Solution File, Format Version 12.00
# Visual Studio Version 17
VisualStudioVersion = 17.8.34525.116
MinimumVisualStudioVersion = 10.0.40219.1
Project("{9A19103F-16F7-4668-BE54-9A1E7A4F7556}") = "HeBianGu.Test.Controls", "..\Source\Test\HeBianGu.Test.Controls\HeBianGu.Test.Controls.csproj", "{0D820C66-3F3B-4EEB-8AE8-410CA09DD7B7}"
EndProject
Project("{9A19103F-16F7-4668-BE54-9A1E7A4F7556}") = "HeBianGu.Test.Controls.Android", "..\Source\Test\HeBianGu.Test.Controls.Android\HeBianGu.Test.Controls.Android.csproj", "{07E8E596-B94B-42D7-AFEA-1DCFD30154A4}"
EndProject
Project("{9A19103F-16F7-4668-BE54-9A1E7A4F7556}") = "HeBianGu.Test.Controls.Desktop", "..\Source\Test\HeBianGu.Test.Controls.Desktop\HeBianGu.Test.Controls.Desktop.csproj", "{A0D80B46-C909-4BF3-BB15-C35CDA5146D2}"
EndProject
Project("{9A19103F-16F7-4668-BE54-9A1E7A4F7556}") = "HeBianGu.Test.Main", "..\Source\Test\HeBianGu.Test.Main\HeBianGu.Test.Main.csproj", "{FA0E09AA-E408-4070-A971-C881AA08D19D}"
EndProject
Project("{9A19103F-16F7-4668-BE54-9A1E7A4F7556}") = "HeBianGu.Test.Main.Android", "..\Source\Test\HeBianGu.Test.Main.Android\HeBianGu.Test.Main.Android.csproj", "{0FE8A792-729B-4A75-848A-2D0747A22702}"
EndProject
Project("{9A19103F-16F7-4668-BE54-9A1E7A4F7556}") = "HeBianGu.Test.Main.Desktop", "..\Source\Test\HeBianGu.Test.Main.Desktop\HeBianGu.Test.Main.Desktop.csproj", "{FD921623-7578-48A3-8602-5C4791317D78}"
EndProject
Project("{9A19103F-16F7-4668-BE54-9A1E7A4F7556}") = "HeBianGu.Controls.TemplateControl", "..\Source\Controls\HeBianGu.Controls.TemplateControl\HeBianGu.Controls.TemplateControl.csproj", "{F4AE317B-C034-4B54-844F-026F062B871C}"
EndProject
Project("{9A19103F-16F7-4668-BE54-9A1E7A4F7556}") = "HeBianGu.Test.Style", "..\Source\Test\HeBianGu.Test.Style\HeBianGu.Test.Style.csproj", "{0F8A45BD-7A6D-4135-B5E1-05EF15416592}"
EndProject
Project("{9A19103F-16F7-4668-BE54-9A1E7A4F7556}") = "HeBianGu.Test.Style.Android", "..\Source\Test\HeBianGu.Test.Style.Android\HeBianGu.Test.Style.Android.csproj", "{E7311E28-5B6A-40A0-B600-7E3E0E4454CE}"
EndProject
Project("{9A19103F-16F7-4668-BE54-9A1E7A4F7556}") = "HeBianGu.Test.Style.Desktop", "..\Source\Test\HeBianGu.Test.Style.Desktop\HeBianGu.Test.Style.Desktop.csproj", "{C04C3008-F055-4D17-90D1-C4D00A88ED4F}"
EndProject
Project("{2150E333-8FDC-42A3-9474-1A3956D46DE8}") = "1 - Tests", "1 - Tests", "{C4BE41AE-DD8E-4D34-9951-5BADAF85BE53}"
EndProject
Project("{2150E333-8FDC-42A3-9474-1A3956D46DE8}") = "3 - Controls", "3 - Controls", "{3B623333-0D74-4C71-BD6E-57FB1AB51512}"
EndProject
Project("{2150E333-8FDC-42A3-9474-1A3956D46DE8}") = "3 - Styles", "3 - Styles", "{20A5A6F5-B1C4-44C4-B29E-AF35F015B582}"
EndProject
Project("{2150E333-8FDC-42A3-9474-1A3956D46DE8}") = "4 - Themes", "4 - Themes", "{A2D250F1-4173-41CB-A2EA-791B9E9CA65B}"
EndProject
Project("{2150E333-8FDC-42A3-9474-1A3956D46DE8}") = "5 - Extensions", "5 - Extensions", "{197618A0-BDD0-40C0-BBC3-678E58EAFF70}"
EndProject
Project("{2150E333-8FDC-42A3-9474-1A3956D46DE8}") = "6 - Cores", "6 - Cores", "{4A1500FC-B8C7-4B97-92BF-A84ABFFF236C}"
EndProject
Project("{2150E333-8FDC-42A3-9474-1A3956D46DE8}") = "2 - Modules", "2 - Modules", "{B0715156-EC67-4A7A-8F6A-C2965322DA49}"
EndProject
Project("{2150E333-8FDC-42A3-9474-1A3956D46DE8}") = "2 - Window", "2 - Window", "{D0458D64-77AD-4A31-A7A6-BC71EBC5C0D2}"
EndProject
Project("{2150E333-8FDC-42A3-9474-1A3956D46DE8}") = "Messages", "Messages", "{D553D9DE-AA60-43A5-B767-2A590686155C}"
EndProject
Project("{2150E333-8FDC-42A3-9474-1A3956D46DE8}") = "2 - DataBases", "2 - DataBases", "{2642476A-C116-400E-942A-D79A4EF6A1FC}"
EndProject
Project("{9A19103F-16F7-4668-BE54-9A1E7A4F7556}") = "Avalonia.Test.Sqlite", "..\Source\Test\Avalonia.Test.Sqlite\Avalonia.Test.Sqlite.csproj", "{85E6E1B1-DD30-4445-9405-05FF249C6FE4}"
EndProject
Project("{9A19103F-16F7-4668-BE54-9A1E7A4F7556}") = "Avalonia.Test.Sqlite.Android", "..\Source\Test\Avalonia.Test.Sqlite.Android\Avalonia.Test.Sqlite.Android.csproj", "{2C3ABC53-B00D-4E99-A9FE-461B2FD6A293}"
EndProject
Project("{9A19103F-16F7-4668-BE54-9A1E7A4F7556}") = "Avalonia.Test.Sqlite.Desktop", "..\Source\Test\Avalonia.Test.Sqlite.Desktop\Avalonia.Test.Sqlite.Desktop.csproj", "{44A24814-9030-4018-AE68-8A8DD645E8BA}"
EndProject
Project("{2150E333-8FDC-42A3-9474-1A3956D46DE8}") = ".sln", ".sln", "{AD4F47D9-124C-434E-BEE6-39A988ED2857}"
	ProjectSection(SolutionItems) = preProject
		..\.editorconfig = ..\.editorconfig
		..\Directory.Build.props = ..\Directory.Build.props
		..\LICENSE = ..\LICENSE
		..\README.md = ..\README.md
	EndProjectSection
EndProject
Project("{2150E333-8FDC-42A3-9474-1A3956D46DE8}") = "2 - Datas", "2 - Datas", "{8AC51F66-3C46-46F3-BB2E-6331BB477290}"
EndProject
Project("{9A19103F-16F7-4668-BE54-9A1E7A4F7556}") = "Avalonia.Test.ThirdNuget", "..\Source\Test\Avalonia.Test.ThirdNuget\Avalonia.Test.ThirdNuget.csproj", "{24486E3A-E8B1-41D3-9713-27A79D13E899}"
EndProject
Project("{9A19103F-16F7-4668-BE54-9A1E7A4F7556}") = "Avalonia.Test.ThirdNuget.Android", "..\Source\Test\Avalonia.Test.ThirdNuget.Android\Avalonia.Test.ThirdNuget.Android.csproj", "{EABB1985-CD54-4445-A901-078548BB1876}"
EndProject
Project("{9A19103F-16F7-4668-BE54-9A1E7A4F7556}") = "Avalonia.Test.ThirdNuget.Desktop", "..\Source\Test\Avalonia.Test.ThirdNuget.Desktop\Avalonia.Test.ThirdNuget.Desktop.csproj", "{BE9452E0-AE7F-490C-9A8F-3F997D0B0487}"
EndProject
Project("{9A19103F-16F7-4668-BE54-9A1E7A4F7556}") = "Avalonia.Test.VLC", "..\Source\Test\Avalonia.Test.VLC\Avalonia.Test.VLC.csproj", "{0DC3E748-E16B-47F7-9ADE-135110A35BE9}"
EndProject
Project("{9A19103F-16F7-4668-BE54-9A1E7A4F7556}") = "Avalonia.Test.VLC.Desktop", "..\Source\Test\Avalonia.Test.VLC.Desktop\Avalonia.Test.VLC.Desktop.csproj", "{4F7281A5-EBA9-4325-AC17-0E4C8EA08D15}"
EndProject
Project("{9A19103F-16F7-4668-BE54-9A1E7A4F7556}") = "HeBianGu.AvaloniaUI.Ioc", "..\Source\Cores\HeBianGu.AvaloniaUI.Ioc\HeBianGu.AvaloniaUI.Ioc.csproj", "{21DC63BF-260A-4745-A2DE-8BA657D9512A}"
EndProject
Project("{9A19103F-16F7-4668-BE54-9A1E7A4F7556}") = "HeBianGu.AvaloniaUI.Mvvm", "..\Source\Cores\HeBianGu.AvaloniaUI.Mvvm\HeBianGu.AvaloniaUI.Mvvm.csproj", "{B6C3F1E6-8723-4D62-AE41-F1EC5F66DCD8}"
EndProject
Project("{9A19103F-16F7-4668-BE54-9A1E7A4F7556}") = "HeBianGu.AvaloniaUI.ValueConverter", "..\Source\Extensions\HeBianGu.AvaloniaUI.ValueConverter\HeBianGu.AvaloniaUI.ValueConverter.csproj", "{021AF28D-67C2-43A4-A0A7-3010DFFF0790}"
EndProject
Project("{9A19103F-16F7-4668-BE54-9A1E7A4F7556}") = "HeBianGu.AvaloniaUI.Modules.Setting", "..\Source\Modules\HeBianGu.AvaloniaUI.Modules.Setting\HeBianGu.AvaloniaUI.Modules.Setting.csproj", "{52DDABEF-CD3D-4217-9DAF-9FF896355133}"
EndProject
Project("{9A19103F-16F7-4668-BE54-9A1E7A4F7556}") = "HeBianGu.AvaloniaUI.Setting", "..\Source\Extensions\HeBianGu.AvaloniaUI.Setting\HeBianGu.AvaloniaUI.Setting.csproj", "{B07FE6CB-51DC-44D9-8D3E-C4FBA4EDE336}"
EndProject
Project("{9A19103F-16F7-4668-BE54-9A1E7A4F7556}") = "HeBianGu.AvaloniaUI.MarkupExtesion", "..\Source\Extensions\HeBianGu.AvaloniaUI.MarkupExtesion\HeBianGu.AvaloniaUI.MarkupExtesion.csproj", "{8BC8E3B2-92B8-4C94-AF22-93D361240255}"
EndProject
Project("{9A19103F-16F7-4668-BE54-9A1E7A4F7556}") = "HeBianGu.AvaloniaUI.Behavior", "..\Source\Extensions\HeBianGu.AvaloniaUI.Behavior\HeBianGu.AvaloniaUI.Behavior.csproj", "{2208388B-F360-44F9-BD31-71FC64B1E623}"
EndProject
Project("{9A19103F-16F7-4668-BE54-9A1E7A4F7556}") = "HeBianGu.AvaloniaUI.Command", "..\Source\Extensions\HeBianGu.AvaloniaUI.Command\HeBianGu.AvaloniaUI.Command.csproj", "{222175AD-3EBD-4B8B-9FEB-F1022790B728}"
EndProject
Project("{9A19103F-16F7-4668-BE54-9A1E7A4F7556}") = "HeBianGu.AvaloniaUI.Extension", "..\Source\Extensions\HeBianGu.AvaloniaUI.Extension\HeBianGu.AvaloniaUI.Extension.csproj", "{6157BCF9-150D-4BC4-BF2C-E89D2BDA7B49}"
EndProject
Project("{9A19103F-16F7-4668-BE54-9A1E7A4F7556}") = "HeBianGu.AvaloniaUI.Repository", "..\Source\Extensions\HeBianGu.AvaloniaUI.Repository\HeBianGu.AvaloniaUI.Repository.csproj", "{071561B5-EF16-41DE-A877-364529041185}"
EndProject
Project("{9A19103F-16F7-4668-BE54-9A1E7A4F7556}") = "HeBianGu.AvaloniaUI.Geometry", "..\Source\Extensions\HeBianGu.AvaloniaUI.Geometry\HeBianGu.AvaloniaUI.Geometry.csproj", "{44CFA990-0909-4E28-BEA8-44A1EFF2E3F5}"
EndProject
Project("{9A19103F-16F7-4668-BE54-9A1E7A4F7556}") = "HeBianGu.AvaloniaUI.Application", "..\Source\Extensions\HeBianGu.AvaloniaUI.Application\HeBianGu.AvaloniaUI.Application.csproj", "{9FB66277-C06F-47F7-8A2F-79D7A4E6B513}"
EndProject
Project("{9A19103F-16F7-4668-BE54-9A1E7A4F7556}") = "HeBianGu.AvaloniaUI.BackgroundImage", "..\Source\Extensions\HeBianGu.AvaloniaUI.BackgroundImage\HeBianGu.AvaloniaUI.BackgroundImage.csproj", "{9E9492EA-DC98-4C1B-A40A-9A8F9A284F23}"
EndProject
Project("{9A19103F-16F7-4668-BE54-9A1E7A4F7556}") = "HeBianGu.AvaloniaUI.Attach", "..\Source\Extensions\HeBianGu.AvaloniaUI.Attach\HeBianGu.AvaloniaUI.Attach.csproj", "{1CF9C779-9CCE-426F-B608-0115163CFF48}"
EndProject
Project("{9A19103F-16F7-4668-BE54-9A1E7A4F7556}") = "HeBianGu.AvaloniaUI.ResourceKey", "..\Source\Extensions\HeBianGu.AvaloniaUI.ResourceKey\HeBianGu.AvaloniaUI.ResourceKey.csproj", "{0FA50B7D-28DF-4805-A168-6B05A5328C00}"
EndProject
Project("{9A19103F-16F7-4668-BE54-9A1E7A4F7556}") = "HeBianGu.AvaloniaUI.Theme", "..\Source\Themes\HeBianGu.AvaloniaUI.Theme\HeBianGu.AvaloniaUI.Theme.csproj", "{5E45740E-DE5C-497A-AE72-76504F3669E8}"
EndProject
Project("{9A19103F-16F7-4668-BE54-9A1E7A4F7556}") = "HeBianGu.AvaloniaUI.Styles", "..\Source\Styles\HeBianGu.AvaloniaUI.Styles\HeBianGu.AvaloniaUI.Styles.csproj", "{9B69A863-2323-4801-ADCE-E06C3B00E9AB}"
EndProject
Project("{9A19103F-16F7-4668-BE54-9A1E7A4F7556}") = "HeBianGu.AvaloniaUI.Styles.Extension", "..\Source\Styles\HeBianGu.AvaloniaUI.Styles.Extension\HeBianGu.AvaloniaUI.Styles.Extension.csproj", "{C8E137EB-8C28-4E57-84FA-0C805C2E0540}"
EndProject
Project("{9A19103F-16F7-4668-BE54-9A1E7A4F7556}") = "HeBianGu.AvaloniaUI.MultiComboBox", "..\Source\Controls\HeBianGu.AvaloniaUI.MultiComboBox\HeBianGu.AvaloniaUI.MultiComboBox.csproj", "{F3950ADC-2322-4FB5-8E14-A7A54E13A2E5}"
EndProject
Project("{9A19103F-16F7-4668-BE54-9A1E7A4F7556}") = "HeBianGu.AvaloniaUI.Form", "..\Source\Controls\HeBianGu.AvaloniaUI.Form\HeBianGu.AvaloniaUI.Form.csproj", "{503CB46A-05A7-4348-A7BF-B96006FB2050}"
EndProject
Project("{9A19103F-16F7-4668-BE54-9A1E7A4F7556}") = "HeBianGu.AvaloniaUI.VlcPlayer", "..\Source\Controls\HeBianGu.AvaloniaUI.VlcPlayer\HeBianGu.AvaloniaUI.VlcPlayer.csproj", "{7E91F446-1A61-4000-A56D-F36C5704B9B1}"
EndProject
Project("{9A19103F-16F7-4668-BE54-9A1E7A4F7556}") = "HeBianGu.AvaloniaUI.MainWindow", "..\Source\Windows\HeBianGu.AvaloniaUI.MainWindow\HeBianGu.AvaloniaUI.MainWindow.csproj", "{4654075B-46F1-404A-93F3-1F1B41B8C5B8}"
EndProject
Project("{9A19103F-16F7-4668-BE54-9A1E7A4F7556}") = "HeBianGu.AvaloniaUI.DialogWindow", "..\Source\Windows\HeBianGu.AvaloniaUI.DialogWindow\HeBianGu.AvaloniaUI.DialogWindow.csproj", "{D0B23BE9-AE8B-4CE5-8DC3-5C66EEE20FB9}"
EndProject
Project("{9A19103F-16F7-4668-BE54-9A1E7A4F7556}") = "HeBianGu.AvaloniaUI.DialogMessage", "..\Source\Modules\HeBianGu.AvaloniaUI.DialogMessage\HeBianGu.AvaloniaUI.DialogMessage.csproj", "{390AFCFD-C11D-41A2-91B5-AC2D2DDBA336}"
EndProject
Project("{9A19103F-16F7-4668-BE54-9A1E7A4F7556}") = "HeBianGu.AvaloniaUI.FormMessage", "..\Source\Modules\HeBianGu.AvaloniaUI.FormMessage\HeBianGu.AvaloniaUI.FormMessage.csproj", "{CD436A60-128B-49DD-8491-463FE84068B6}"
EndProject
Project("{9A19103F-16F7-4668-BE54-9A1E7A4F7556}") = "HeBianGu.AvaloniaUI.NoticeMessage", "..\Source\Modules\HeBianGu.AvaloniaUI.NoticeMessage\HeBianGu.AvaloniaUI.NoticeMessage.csproj", "{41BC0626-17C1-4E9E-875C-710AF50F2644}"
EndProject
Project("{9A19103F-16F7-4668-BE54-9A1E7A4F7556}") = "HeBianGu.AvaloniaUI.SnackMessage", "..\Source\Modules\HeBianGu.AvaloniaUI.SnackMessage\HeBianGu.AvaloniaUI.SnackMessage.csproj", "{F9B39063-28C6-4FAA-A258-33120B56E0A8}"
EndProject
Project("{9A19103F-16F7-4668-BE54-9A1E7A4F7556}") = "HeBianGu.AvaloniaUI.Modules.About", "..\Source\Modules\HeBianGu.AvaloniaUI.Modules.About\HeBianGu.AvaloniaUI.Modules.About.csproj", "{7BA2C177-0E9F-478C-917F-439E0297A0AE}"
EndProject
Project("{9A19103F-16F7-4668-BE54-9A1E7A4F7556}") = "HeBianGu.AvaloniaUI.Modules.ThemeSetting", "..\Source\Modules\HeBianGu.AvaloniaUI.Modules.ThemeSetting\HeBianGu.AvaloniaUI.Modules.ThemeSetting.csproj", "{04FD1C4D-BE30-4206-BA68-5FBA118B4987}"
EndProject
Project("{9A19103F-16F7-4668-BE54-9A1E7A4F7556}") = "HeBianGu.AvaloniaUI.Modules.Login", "..\Source\Modules\HeBianGu.AvaloniaUI.Modules.Login\HeBianGu.AvaloniaUI.Modules.Login.csproj", "{9B5A3019-FAE4-4B54-8FBE-FE58132AD4A6}"
EndProject
Project("{9A19103F-16F7-4668-BE54-9A1E7A4F7556}") = "HeBianGu.AvaloniaUI.Modules.SplashScreen", "..\Source\Modules\HeBianGu.AvaloniaUI.Modules.SplashScreen\HeBianGu.AvaloniaUI.Modules.SplashScreen.csproj", "{A07A6255-EFF5-4A86-AC9A-0435B505E03D}"
EndProject
Project("{9A19103F-16F7-4668-BE54-9A1E7A4F7556}") = "HeBianGu.AvaloniaUI.Modules.Operation", "..\Source\Modules\HeBianGu.AvaloniaUI.Modules.Operation\HeBianGu.AvaloniaUI.Modules.Operation.csproj", "{FF774C1D-A53A-45DB-8A86-3543996D84FC}"
EndProject
Project("{9A19103F-16F7-4668-BE54-9A1E7A4F7556}") = "HeBianGu.AvaloniaUI.Modules.Identity", "..\Source\Modules\HeBianGu.AvaloniaUI.Modules.Identity\HeBianGu.AvaloniaUI.Modules.Identity.csproj", "{39E7A99B-A2C4-4E92-AA2A-37A6F826E1A2}"
EndProject
Project("{9A19103F-16F7-4668-BE54-9A1E7A4F7556}") = "HeBianGu.AvaloniaUI.DemoData", "..\Source\Datas\HeBianGu.AvaloniaUI.DemoData\HeBianGu.AvaloniaUI.DemoData.csproj", "{3521FB5D-9B8D-4206-BFDE-20DF66589BDF}"
EndProject
Project("{D954291E-2A0B-460D-934E-DC6B0785DB48}") = "HeBianGu.AvaloniaUI.DataBase.Share", "..\Source\DataBases\HeBianGu.AvaloniaUI.DataBase.Share\HeBianGu.AvaloniaUI.DataBase.Share.shproj", "{15169303-DDF4-4F07-830B-95BE191240DE}"
EndProject
Project("{9A19103F-16F7-4668-BE54-9A1E7A4F7556}") = "HeBianGu.AvaloniaUI.Sqlite", "..\Source\DataBases\HeBianGu.AvaloniaUI.Sqlite\HeBianGu.AvaloniaUI.Sqlite.csproj", "{A12AAAD7-402E-4082-B852-6A9B7164DCC2}"
EndProject
Project("{9A19103F-16F7-4668-BE54-9A1E7A4F7556}") = "HeBianGu.AvaloniaUI.Step", "..\Source\Controls\HeBianGu.AvaloniaUI.Step\HeBianGu.AvaloniaUI.Step.csproj", "{AB37099F-C9E6-4642-BD0E-FC62417BA70C}"
EndProject
Project("{9A19103F-16F7-4668-BE54-9A1E7A4F7556}") = "Avalonia.Test.Code", "..\Source\Test\Avalonia.Test.Code\Avalonia.Test.Code.csproj", "{2B1E13C8-3B5D-4BE6-A9AC-59531DCA5929}"
EndProject
Project("{9A19103F-16F7-4668-BE54-9A1E7A4F7556}") = "Avalonia.Test.Code.Desktop", "..\Source\Test\Avalonia.Test.Code.Desktop\Avalonia.Test.Code.Desktop.csproj", "{5C5BE615-5011-46F0-958C-3062CC4D7054}"
EndProject
Project("{2150E333-8FDC-42A3-9474-1A3956D46DE8}") = "1 - App", "1 - App", "{26F9C8C3-04A2-416E-8CF1-83F89E6896BE}"
EndProject
Project("{9A19103F-16F7-4668-BE54-9A1E7A4F7556}") = "Avalonia.App.QQ", "..\Source\Apps\Avalonia.App.QQ\Avalonia.App.QQ.csproj", "{04F10968-4984-46C2-A540-5C5CDA3D8F4A}"
EndProject
Project("{9A19103F-16F7-4668-BE54-9A1E7A4F7556}") = "Avalonia.App.QQ.Android", "..\Source\Apps\Avalonia.App.QQ.Android\Avalonia.App.QQ.Android.csproj", "{834BC09E-3A8C-4FB7-A5F0-45992C7654B7}"
EndProject
Project("{9A19103F-16F7-4668-BE54-9A1E7A4F7556}") = "Avalonia.Test.Mobile", "..\Source\Test\Avalonia.Test.Mobile\Avalonia.Test.Mobile.csproj", "{6063D8CC-01EE-4BA6-9118-5ACC7C2E05C9}"
EndProject
Project("{9A19103F-16F7-4668-BE54-9A1E7A4F7556}") = "Avalonia.Test.Mobile.Android", "..\Source\Test\Avalonia.Test.Mobile.Android\Avalonia.Test.Mobile.Android.csproj", "{51C2EF6B-6BA2-4F8B-AA68-814E6E6A7F3F}"
EndProject
Project("{9A19103F-16F7-4668-BE54-9A1E7A4F7556}") = "Avalonia.Test.Mobile.Desktop", "..\Source\Test\Avalonia.Test.Mobile.Desktop\Avalonia.Test.Mobile.Desktop.csproj", "{F8EED9C4-F8C1-42D3-84AE-59E55FC4926A}"
EndProject
Global
	GlobalSection(SolutionConfigurationPlatforms) = preSolution
		Debug|Any CPU = Debug|Any CPU
		Release|Any CPU = Release|Any CPU
	EndGlobalSection
	GlobalSection(ProjectConfigurationPlatforms) = postSolution
		{0D820C66-3F3B-4EEB-8AE8-410CA09DD7B7}.Debug|Any CPU.ActiveCfg = Debug|Any CPU
		{0D820C66-3F3B-4EEB-8AE8-410CA09DD7B7}.Debug|Any CPU.Build.0 = Debug|Any CPU
		{0D820C66-3F3B-4EEB-8AE8-410CA09DD7B7}.Release|Any CPU.ActiveCfg = Release|Any CPU
		{0D820C66-3F3B-4EEB-8AE8-410CA09DD7B7}.Release|Any CPU.Build.0 = Release|Any CPU
		{07E8E596-B94B-42D7-AFEA-1DCFD30154A4}.Debug|Any CPU.ActiveCfg = Debug|Any CPU
		{07E8E596-B94B-42D7-AFEA-1DCFD30154A4}.Debug|Any CPU.Build.0 = Debug|Any CPU
		{07E8E596-B94B-42D7-AFEA-1DCFD30154A4}.Debug|Any CPU.Deploy.0 = Debug|Any CPU
		{07E8E596-B94B-42D7-AFEA-1DCFD30154A4}.Release|Any CPU.ActiveCfg = Release|Any CPU
		{07E8E596-B94B-42D7-AFEA-1DCFD30154A4}.Release|Any CPU.Build.0 = Release|Any CPU
		{07E8E596-B94B-42D7-AFEA-1DCFD30154A4}.Release|Any CPU.Deploy.0 = Release|Any CPU
		{A0D80B46-C909-4BF3-BB15-C35CDA5146D2}.Debug|Any CPU.ActiveCfg = Debug|Any CPU
		{A0D80B46-C909-4BF3-BB15-C35CDA5146D2}.Debug|Any CPU.Build.0 = Debug|Any CPU
		{A0D80B46-C909-4BF3-BB15-C35CDA5146D2}.Release|Any CPU.ActiveCfg = Release|Any CPU
		{A0D80B46-C909-4BF3-BB15-C35CDA5146D2}.Release|Any CPU.Build.0 = Release|Any CPU
		{FA0E09AA-E408-4070-A971-C881AA08D19D}.Debug|Any CPU.ActiveCfg = Debug|Any CPU
		{FA0E09AA-E408-4070-A971-C881AA08D19D}.Debug|Any CPU.Build.0 = Debug|Any CPU
		{FA0E09AA-E408-4070-A971-C881AA08D19D}.Release|Any CPU.ActiveCfg = Release|Any CPU
		{FA0E09AA-E408-4070-A971-C881AA08D19D}.Release|Any CPU.Build.0 = Release|Any CPU
		{0FE8A792-729B-4A75-848A-2D0747A22702}.Debug|Any CPU.ActiveCfg = Debug|Any CPU
		{0FE8A792-729B-4A75-848A-2D0747A22702}.Debug|Any CPU.Build.0 = Debug|Any CPU
		{0FE8A792-729B-4A75-848A-2D0747A22702}.Debug|Any CPU.Deploy.0 = Debug|Any CPU
		{0FE8A792-729B-4A75-848A-2D0747A22702}.Release|Any CPU.ActiveCfg = Release|Any CPU
		{0FE8A792-729B-4A75-848A-2D0747A22702}.Release|Any CPU.Build.0 = Release|Any CPU
		{0FE8A792-729B-4A75-848A-2D0747A22702}.Release|Any CPU.Deploy.0 = Release|Any CPU
		{FD921623-7578-48A3-8602-5C4791317D78}.Debug|Any CPU.ActiveCfg = Debug|Any CPU
		{FD921623-7578-48A3-8602-5C4791317D78}.Debug|Any CPU.Build.0 = Debug|Any CPU
		{FD921623-7578-48A3-8602-5C4791317D78}.Release|Any CPU.ActiveCfg = Release|Any CPU
		{FD921623-7578-48A3-8602-5C4791317D78}.Release|Any CPU.Build.0 = Release|Any CPU
		{F4AE317B-C034-4B54-844F-026F062B871C}.Debug|Any CPU.ActiveCfg = Debug|Any CPU
		{F4AE317B-C034-4B54-844F-026F062B871C}.Debug|Any CPU.Build.0 = Debug|Any CPU
		{F4AE317B-C034-4B54-844F-026F062B871C}.Release|Any CPU.ActiveCfg = Release|Any CPU
		{F4AE317B-C034-4B54-844F-026F062B871C}.Release|Any CPU.Build.0 = Release|Any CPU
		{0F8A45BD-7A6D-4135-B5E1-05EF15416592}.Debug|Any CPU.ActiveCfg = Debug|Any CPU
		{0F8A45BD-7A6D-4135-B5E1-05EF15416592}.Debug|Any CPU.Build.0 = Debug|Any CPU
		{0F8A45BD-7A6D-4135-B5E1-05EF15416592}.Release|Any CPU.ActiveCfg = Release|Any CPU
		{0F8A45BD-7A6D-4135-B5E1-05EF15416592}.Release|Any CPU.Build.0 = Release|Any CPU
		{E7311E28-5B6A-40A0-B600-7E3E0E4454CE}.Debug|Any CPU.ActiveCfg = Debug|Any CPU
		{E7311E28-5B6A-40A0-B600-7E3E0E4454CE}.Debug|Any CPU.Build.0 = Debug|Any CPU
		{E7311E28-5B6A-40A0-B600-7E3E0E4454CE}.Debug|Any CPU.Deploy.0 = Debug|Any CPU
		{E7311E28-5B6A-40A0-B600-7E3E0E4454CE}.Release|Any CPU.ActiveCfg = Release|Any CPU
		{E7311E28-5B6A-40A0-B600-7E3E0E4454CE}.Release|Any CPU.Build.0 = Release|Any CPU
		{E7311E28-5B6A-40A0-B600-7E3E0E4454CE}.Release|Any CPU.Deploy.0 = Release|Any CPU
		{C04C3008-F055-4D17-90D1-C4D00A88ED4F}.Debug|Any CPU.ActiveCfg = Debug|Any CPU
		{C04C3008-F055-4D17-90D1-C4D00A88ED4F}.Debug|Any CPU.Build.0 = Debug|Any CPU
		{C04C3008-F055-4D17-90D1-C4D00A88ED4F}.Release|Any CPU.ActiveCfg = Release|Any CPU
		{C04C3008-F055-4D17-90D1-C4D00A88ED4F}.Release|Any CPU.Build.0 = Release|Any CPU
		{85E6E1B1-DD30-4445-9405-05FF249C6FE4}.Debug|Any CPU.ActiveCfg = Debug|Any CPU
		{85E6E1B1-DD30-4445-9405-05FF249C6FE4}.Debug|Any CPU.Build.0 = Debug|Any CPU
		{85E6E1B1-DD30-4445-9405-05FF249C6FE4}.Release|Any CPU.ActiveCfg = Release|Any CPU
		{85E6E1B1-DD30-4445-9405-05FF249C6FE4}.Release|Any CPU.Build.0 = Release|Any CPU
		{2C3ABC53-B00D-4E99-A9FE-461B2FD6A293}.Debug|Any CPU.ActiveCfg = Debug|Any CPU
		{2C3ABC53-B00D-4E99-A9FE-461B2FD6A293}.Debug|Any CPU.Build.0 = Debug|Any CPU
		{2C3ABC53-B00D-4E99-A9FE-461B2FD6A293}.Release|Any CPU.ActiveCfg = Release|Any CPU
		{2C3ABC53-B00D-4E99-A9FE-461B2FD6A293}.Release|Any CPU.Build.0 = Release|Any CPU
		{44A24814-9030-4018-AE68-8A8DD645E8BA}.Debug|Any CPU.ActiveCfg = Debug|Any CPU
		{44A24814-9030-4018-AE68-8A8DD645E8BA}.Debug|Any CPU.Build.0 = Debug|Any CPU
		{44A24814-9030-4018-AE68-8A8DD645E8BA}.Release|Any CPU.ActiveCfg = Release|Any CPU
		{44A24814-9030-4018-AE68-8A8DD645E8BA}.Release|Any CPU.Build.0 = Release|Any CPU
		{24486E3A-E8B1-41D3-9713-27A79D13E899}.Debug|Any CPU.ActiveCfg = Debug|Any CPU
		{24486E3A-E8B1-41D3-9713-27A79D13E899}.Debug|Any CPU.Build.0 = Debug|Any CPU
		{24486E3A-E8B1-41D3-9713-27A79D13E899}.Release|Any CPU.ActiveCfg = Release|Any CPU
		{24486E3A-E8B1-41D3-9713-27A79D13E899}.Release|Any CPU.Build.0 = Release|Any CPU
		{EABB1985-CD54-4445-A901-078548BB1876}.Debug|Any CPU.ActiveCfg = Debug|Any CPU
		{EABB1985-CD54-4445-A901-078548BB1876}.Debug|Any CPU.Build.0 = Debug|Any CPU
		{EABB1985-CD54-4445-A901-078548BB1876}.Debug|Any CPU.Deploy.0 = Debug|Any CPU
		{EABB1985-CD54-4445-A901-078548BB1876}.Release|Any CPU.ActiveCfg = Release|Any CPU
		{EABB1985-CD54-4445-A901-078548BB1876}.Release|Any CPU.Build.0 = Release|Any CPU
		{EABB1985-CD54-4445-A901-078548BB1876}.Release|Any CPU.Deploy.0 = Release|Any CPU
		{BE9452E0-AE7F-490C-9A8F-3F997D0B0487}.Debug|Any CPU.ActiveCfg = Debug|Any CPU
		{BE9452E0-AE7F-490C-9A8F-3F997D0B0487}.Debug|Any CPU.Build.0 = Debug|Any CPU
		{BE9452E0-AE7F-490C-9A8F-3F997D0B0487}.Release|Any CPU.ActiveCfg = Release|Any CPU
		{BE9452E0-AE7F-490C-9A8F-3F997D0B0487}.Release|Any CPU.Build.0 = Release|Any CPU
		{0DC3E748-E16B-47F7-9ADE-135110A35BE9}.Debug|Any CPU.ActiveCfg = Debug|Any CPU
		{0DC3E748-E16B-47F7-9ADE-135110A35BE9}.Debug|Any CPU.Build.0 = Debug|Any CPU
		{0DC3E748-E16B-47F7-9ADE-135110A35BE9}.Release|Any CPU.ActiveCfg = Release|Any CPU
		{0DC3E748-E16B-47F7-9ADE-135110A35BE9}.Release|Any CPU.Build.0 = Release|Any CPU
		{4F7281A5-EBA9-4325-AC17-0E4C8EA08D15}.Debug|Any CPU.ActiveCfg = Debug|Any CPU
		{4F7281A5-EBA9-4325-AC17-0E4C8EA08D15}.Debug|Any CPU.Build.0 = Debug|Any CPU
		{4F7281A5-EBA9-4325-AC17-0E4C8EA08D15}.Release|Any CPU.ActiveCfg = Release|Any CPU
		{4F7281A5-EBA9-4325-AC17-0E4C8EA08D15}.Release|Any CPU.Build.0 = Release|Any CPU
		{21DC63BF-260A-4745-A2DE-8BA657D9512A}.Debug|Any CPU.ActiveCfg = Debug|Any CPU
		{21DC63BF-260A-4745-A2DE-8BA657D9512A}.Debug|Any CPU.Build.0 = Debug|Any CPU
		{21DC63BF-260A-4745-A2DE-8BA657D9512A}.Release|Any CPU.ActiveCfg = Release|Any CPU
		{21DC63BF-260A-4745-A2DE-8BA657D9512A}.Release|Any CPU.Build.0 = Release|Any CPU
		{B6C3F1E6-8723-4D62-AE41-F1EC5F66DCD8}.Debug|Any CPU.ActiveCfg = Debug|Any CPU
		{B6C3F1E6-8723-4D62-AE41-F1EC5F66DCD8}.Debug|Any CPU.Build.0 = Debug|Any CPU
		{B6C3F1E6-8723-4D62-AE41-F1EC5F66DCD8}.Release|Any CPU.ActiveCfg = Release|Any CPU
		{B6C3F1E6-8723-4D62-AE41-F1EC5F66DCD8}.Release|Any CPU.Build.0 = Release|Any CPU
		{021AF28D-67C2-43A4-A0A7-3010DFFF0790}.Debug|Any CPU.ActiveCfg = Debug|Any CPU
		{021AF28D-67C2-43A4-A0A7-3010DFFF0790}.Debug|Any CPU.Build.0 = Debug|Any CPU
		{021AF28D-67C2-43A4-A0A7-3010DFFF0790}.Release|Any CPU.ActiveCfg = Release|Any CPU
		{021AF28D-67C2-43A4-A0A7-3010DFFF0790}.Release|Any CPU.Build.0 = Release|Any CPU
		{52DDABEF-CD3D-4217-9DAF-9FF896355133}.Debug|Any CPU.ActiveCfg = Debug|Any CPU
		{52DDABEF-CD3D-4217-9DAF-9FF896355133}.Debug|Any CPU.Build.0 = Debug|Any CPU
		{52DDABEF-CD3D-4217-9DAF-9FF896355133}.Release|Any CPU.ActiveCfg = Release|Any CPU
		{52DDABEF-CD3D-4217-9DAF-9FF896355133}.Release|Any CPU.Build.0 = Release|Any CPU
		{B07FE6CB-51DC-44D9-8D3E-C4FBA4EDE336}.Debug|Any CPU.ActiveCfg = Debug|Any CPU
		{B07FE6CB-51DC-44D9-8D3E-C4FBA4EDE336}.Debug|Any CPU.Build.0 = Debug|Any CPU
		{B07FE6CB-51DC-44D9-8D3E-C4FBA4EDE336}.Release|Any CPU.ActiveCfg = Release|Any CPU
		{B07FE6CB-51DC-44D9-8D3E-C4FBA4EDE336}.Release|Any CPU.Build.0 = Release|Any CPU
		{8BC8E3B2-92B8-4C94-AF22-93D361240255}.Debug|Any CPU.ActiveCfg = Debug|Any CPU
		{8BC8E3B2-92B8-4C94-AF22-93D361240255}.Debug|Any CPU.Build.0 = Debug|Any CPU
		{8BC8E3B2-92B8-4C94-AF22-93D361240255}.Release|Any CPU.ActiveCfg = Release|Any CPU
		{8BC8E3B2-92B8-4C94-AF22-93D361240255}.Release|Any CPU.Build.0 = Release|Any CPU
		{2208388B-F360-44F9-BD31-71FC64B1E623}.Debug|Any CPU.ActiveCfg = Debug|Any CPU
		{2208388B-F360-44F9-BD31-71FC64B1E623}.Debug|Any CPU.Build.0 = Debug|Any CPU
		{2208388B-F360-44F9-BD31-71FC64B1E623}.Release|Any CPU.ActiveCfg = Release|Any CPU
		{2208388B-F360-44F9-BD31-71FC64B1E623}.Release|Any CPU.Build.0 = Release|Any CPU
		{222175AD-3EBD-4B8B-9FEB-F1022790B728}.Debug|Any CPU.ActiveCfg = Debug|Any CPU
		{222175AD-3EBD-4B8B-9FEB-F1022790B728}.Debug|Any CPU.Build.0 = Debug|Any CPU
		{222175AD-3EBD-4B8B-9FEB-F1022790B728}.Release|Any CPU.ActiveCfg = Release|Any CPU
		{222175AD-3EBD-4B8B-9FEB-F1022790B728}.Release|Any CPU.Build.0 = Release|Any CPU
		{6157BCF9-150D-4BC4-BF2C-E89D2BDA7B49}.Debug|Any CPU.ActiveCfg = Debug|Any CPU
		{6157BCF9-150D-4BC4-BF2C-E89D2BDA7B49}.Debug|Any CPU.Build.0 = Debug|Any CPU
		{6157BCF9-150D-4BC4-BF2C-E89D2BDA7B49}.Release|Any CPU.ActiveCfg = Release|Any CPU
		{6157BCF9-150D-4BC4-BF2C-E89D2BDA7B49}.Release|Any CPU.Build.0 = Release|Any CPU
		{071561B5-EF16-41DE-A877-364529041185}.Debug|Any CPU.ActiveCfg = Debug|Any CPU
		{071561B5-EF16-41DE-A877-364529041185}.Debug|Any CPU.Build.0 = Debug|Any CPU
		{071561B5-EF16-41DE-A877-364529041185}.Release|Any CPU.ActiveCfg = Release|Any CPU
		{071561B5-EF16-41DE-A877-364529041185}.Release|Any CPU.Build.0 = Release|Any CPU
		{44CFA990-0909-4E28-BEA8-44A1EFF2E3F5}.Debug|Any CPU.ActiveCfg = Debug|Any CPU
		{44CFA990-0909-4E28-BEA8-44A1EFF2E3F5}.Debug|Any CPU.Build.0 = Debug|Any CPU
		{44CFA990-0909-4E28-BEA8-44A1EFF2E3F5}.Release|Any CPU.ActiveCfg = Release|Any CPU
		{44CFA990-0909-4E28-BEA8-44A1EFF2E3F5}.Release|Any CPU.Build.0 = Release|Any CPU
		{9FB66277-C06F-47F7-8A2F-79D7A4E6B513}.Debug|Any CPU.ActiveCfg = Debug|Any CPU
		{9FB66277-C06F-47F7-8A2F-79D7A4E6B513}.Debug|Any CPU.Build.0 = Debug|Any CPU
		{9FB66277-C06F-47F7-8A2F-79D7A4E6B513}.Release|Any CPU.ActiveCfg = Release|Any CPU
		{9FB66277-C06F-47F7-8A2F-79D7A4E6B513}.Release|Any CPU.Build.0 = Release|Any CPU
		{9E9492EA-DC98-4C1B-A40A-9A8F9A284F23}.Debug|Any CPU.ActiveCfg = Debug|Any CPU
		{9E9492EA-DC98-4C1B-A40A-9A8F9A284F23}.Debug|Any CPU.Build.0 = Debug|Any CPU
		{9E9492EA-DC98-4C1B-A40A-9A8F9A284F23}.Release|Any CPU.ActiveCfg = Release|Any CPU
		{9E9492EA-DC98-4C1B-A40A-9A8F9A284F23}.Release|Any CPU.Build.0 = Release|Any CPU
		{1CF9C779-9CCE-426F-B608-0115163CFF48}.Debug|Any CPU.ActiveCfg = Debug|Any CPU
		{1CF9C779-9CCE-426F-B608-0115163CFF48}.Debug|Any CPU.Build.0 = Debug|Any CPU
		{1CF9C779-9CCE-426F-B608-0115163CFF48}.Release|Any CPU.ActiveCfg = Release|Any CPU
		{1CF9C779-9CCE-426F-B608-0115163CFF48}.Release|Any CPU.Build.0 = Release|Any CPU
		{0FA50B7D-28DF-4805-A168-6B05A5328C00}.Debug|Any CPU.ActiveCfg = Debug|Any CPU
		{0FA50B7D-28DF-4805-A168-6B05A5328C00}.Debug|Any CPU.Build.0 = Debug|Any CPU
		{0FA50B7D-28DF-4805-A168-6B05A5328C00}.Release|Any CPU.ActiveCfg = Release|Any CPU
		{0FA50B7D-28DF-4805-A168-6B05A5328C00}.Release|Any CPU.Build.0 = Release|Any CPU
		{5E45740E-DE5C-497A-AE72-76504F3669E8}.Debug|Any CPU.ActiveCfg = Debug|Any CPU
		{5E45740E-DE5C-497A-AE72-76504F3669E8}.Debug|Any CPU.Build.0 = Debug|Any CPU
		{5E45740E-DE5C-497A-AE72-76504F3669E8}.Release|Any CPU.ActiveCfg = Release|Any CPU
		{5E45740E-DE5C-497A-AE72-76504F3669E8}.Release|Any CPU.Build.0 = Release|Any CPU
		{9B69A863-2323-4801-ADCE-E06C3B00E9AB}.Debug|Any CPU.ActiveCfg = Debug|Any CPU
		{9B69A863-2323-4801-ADCE-E06C3B00E9AB}.Debug|Any CPU.Build.0 = Debug|Any CPU
		{9B69A863-2323-4801-ADCE-E06C3B00E9AB}.Release|Any CPU.ActiveCfg = Release|Any CPU
		{9B69A863-2323-4801-ADCE-E06C3B00E9AB}.Release|Any CPU.Build.0 = Release|Any CPU
		{C8E137EB-8C28-4E57-84FA-0C805C2E0540}.Debug|Any CPU.ActiveCfg = Debug|Any CPU
		{C8E137EB-8C28-4E57-84FA-0C805C2E0540}.Debug|Any CPU.Build.0 = Debug|Any CPU
		{C8E137EB-8C28-4E57-84FA-0C805C2E0540}.Release|Any CPU.ActiveCfg = Release|Any CPU
		{C8E137EB-8C28-4E57-84FA-0C805C2E0540}.Release|Any CPU.Build.0 = Release|Any CPU
		{F3950ADC-2322-4FB5-8E14-A7A54E13A2E5}.Debug|Any CPU.ActiveCfg = Debug|Any CPU
		{F3950ADC-2322-4FB5-8E14-A7A54E13A2E5}.Debug|Any CPU.Build.0 = Debug|Any CPU
		{F3950ADC-2322-4FB5-8E14-A7A54E13A2E5}.Release|Any CPU.ActiveCfg = Release|Any CPU
		{F3950ADC-2322-4FB5-8E14-A7A54E13A2E5}.Release|Any CPU.Build.0 = Release|Any CPU
		{503CB46A-05A7-4348-A7BF-B96006FB2050}.Debug|Any CPU.ActiveCfg = Debug|Any CPU
		{503CB46A-05A7-4348-A7BF-B96006FB2050}.Debug|Any CPU.Build.0 = Debug|Any CPU
		{503CB46A-05A7-4348-A7BF-B96006FB2050}.Release|Any CPU.ActiveCfg = Release|Any CPU
		{503CB46A-05A7-4348-A7BF-B96006FB2050}.Release|Any CPU.Build.0 = Release|Any CPU
		{7E91F446-1A61-4000-A56D-F36C5704B9B1}.Debug|Any CPU.ActiveCfg = Debug|Any CPU
		{7E91F446-1A61-4000-A56D-F36C5704B9B1}.Debug|Any CPU.Build.0 = Debug|Any CPU
		{7E91F446-1A61-4000-A56D-F36C5704B9B1}.Release|Any CPU.ActiveCfg = Release|Any CPU
		{7E91F446-1A61-4000-A56D-F36C5704B9B1}.Release|Any CPU.Build.0 = Release|Any CPU
		{4654075B-46F1-404A-93F3-1F1B41B8C5B8}.Debug|Any CPU.ActiveCfg = Debug|Any CPU
		{4654075B-46F1-404A-93F3-1F1B41B8C5B8}.Debug|Any CPU.Build.0 = Debug|Any CPU
		{4654075B-46F1-404A-93F3-1F1B41B8C5B8}.Release|Any CPU.ActiveCfg = Release|Any CPU
		{4654075B-46F1-404A-93F3-1F1B41B8C5B8}.Release|Any CPU.Build.0 = Release|Any CPU
		{D0B23BE9-AE8B-4CE5-8DC3-5C66EEE20FB9}.Debug|Any CPU.ActiveCfg = Debug|Any CPU
		{D0B23BE9-AE8B-4CE5-8DC3-5C66EEE20FB9}.Debug|Any CPU.Build.0 = Debug|Any CPU
		{D0B23BE9-AE8B-4CE5-8DC3-5C66EEE20FB9}.Release|Any CPU.ActiveCfg = Release|Any CPU
		{D0B23BE9-AE8B-4CE5-8DC3-5C66EEE20FB9}.Release|Any CPU.Build.0 = Release|Any CPU
		{390AFCFD-C11D-41A2-91B5-AC2D2DDBA336}.Debug|Any CPU.ActiveCfg = Debug|Any CPU
		{390AFCFD-C11D-41A2-91B5-AC2D2DDBA336}.Debug|Any CPU.Build.0 = Debug|Any CPU
		{390AFCFD-C11D-41A2-91B5-AC2D2DDBA336}.Release|Any CPU.ActiveCfg = Release|Any CPU
		{390AFCFD-C11D-41A2-91B5-AC2D2DDBA336}.Release|Any CPU.Build.0 = Release|Any CPU
		{CD436A60-128B-49DD-8491-463FE84068B6}.Debug|Any CPU.ActiveCfg = Debug|Any CPU
		{CD436A60-128B-49DD-8491-463FE84068B6}.Debug|Any CPU.Build.0 = Debug|Any CPU
		{CD436A60-128B-49DD-8491-463FE84068B6}.Release|Any CPU.ActiveCfg = Release|Any CPU
		{CD436A60-128B-49DD-8491-463FE84068B6}.Release|Any CPU.Build.0 = Release|Any CPU
		{41BC0626-17C1-4E9E-875C-710AF50F2644}.Debug|Any CPU.ActiveCfg = Debug|Any CPU
		{41BC0626-17C1-4E9E-875C-710AF50F2644}.Debug|Any CPU.Build.0 = Debug|Any CPU
		{41BC0626-17C1-4E9E-875C-710AF50F2644}.Release|Any CPU.ActiveCfg = Release|Any CPU
		{41BC0626-17C1-4E9E-875C-710AF50F2644}.Release|Any CPU.Build.0 = Release|Any CPU
		{F9B39063-28C6-4FAA-A258-33120B56E0A8}.Debug|Any CPU.ActiveCfg = Debug|Any CPU
		{F9B39063-28C6-4FAA-A258-33120B56E0A8}.Debug|Any CPU.Build.0 = Debug|Any CPU
		{F9B39063-28C6-4FAA-A258-33120B56E0A8}.Release|Any CPU.ActiveCfg = Release|Any CPU
		{F9B39063-28C6-4FAA-A258-33120B56E0A8}.Release|Any CPU.Build.0 = Release|Any CPU
		{7BA2C177-0E9F-478C-917F-439E0297A0AE}.Debug|Any CPU.ActiveCfg = Debug|Any CPU
		{7BA2C177-0E9F-478C-917F-439E0297A0AE}.Debug|Any CPU.Build.0 = Debug|Any CPU
		{7BA2C177-0E9F-478C-917F-439E0297A0AE}.Release|Any CPU.ActiveCfg = Release|Any CPU
		{7BA2C177-0E9F-478C-917F-439E0297A0AE}.Release|Any CPU.Build.0 = Release|Any CPU
		{04FD1C4D-BE30-4206-BA68-5FBA118B4987}.Debug|Any CPU.ActiveCfg = Debug|Any CPU
		{04FD1C4D-BE30-4206-BA68-5FBA118B4987}.Debug|Any CPU.Build.0 = Debug|Any CPU
		{04FD1C4D-BE30-4206-BA68-5FBA118B4987}.Release|Any CPU.ActiveCfg = Release|Any CPU
		{04FD1C4D-BE30-4206-BA68-5FBA118B4987}.Release|Any CPU.Build.0 = Release|Any CPU
		{9B5A3019-FAE4-4B54-8FBE-FE58132AD4A6}.Debug|Any CPU.ActiveCfg = Debug|Any CPU
		{9B5A3019-FAE4-4B54-8FBE-FE58132AD4A6}.Debug|Any CPU.Build.0 = Debug|Any CPU
		{9B5A3019-FAE4-4B54-8FBE-FE58132AD4A6}.Release|Any CPU.ActiveCfg = Release|Any CPU
		{9B5A3019-FAE4-4B54-8FBE-FE58132AD4A6}.Release|Any CPU.Build.0 = Release|Any CPU
		{A07A6255-EFF5-4A86-AC9A-0435B505E03D}.Debug|Any CPU.ActiveCfg = Debug|Any CPU
		{A07A6255-EFF5-4A86-AC9A-0435B505E03D}.Debug|Any CPU.Build.0 = Debug|Any CPU
		{A07A6255-EFF5-4A86-AC9A-0435B505E03D}.Release|Any CPU.ActiveCfg = Release|Any CPU
		{A07A6255-EFF5-4A86-AC9A-0435B505E03D}.Release|Any CPU.Build.0 = Release|Any CPU
		{FF774C1D-A53A-45DB-8A86-3543996D84FC}.Debug|Any CPU.ActiveCfg = Debug|Any CPU
		{FF774C1D-A53A-45DB-8A86-3543996D84FC}.Debug|Any CPU.Build.0 = Debug|Any CPU
		{FF774C1D-A53A-45DB-8A86-3543996D84FC}.Release|Any CPU.ActiveCfg = Release|Any CPU
		{FF774C1D-A53A-45DB-8A86-3543996D84FC}.Release|Any CPU.Build.0 = Release|Any CPU
		{39E7A99B-A2C4-4E92-AA2A-37A6F826E1A2}.Debug|Any CPU.ActiveCfg = Debug|Any CPU
		{39E7A99B-A2C4-4E92-AA2A-37A6F826E1A2}.Debug|Any CPU.Build.0 = Debug|Any CPU
		{39E7A99B-A2C4-4E92-AA2A-37A6F826E1A2}.Release|Any CPU.ActiveCfg = Release|Any CPU
		{39E7A99B-A2C4-4E92-AA2A-37A6F826E1A2}.Release|Any CPU.Build.0 = Release|Any CPU
		{3521FB5D-9B8D-4206-BFDE-20DF66589BDF}.Debug|Any CPU.ActiveCfg = Debug|Any CPU
		{3521FB5D-9B8D-4206-BFDE-20DF66589BDF}.Debug|Any CPU.Build.0 = Debug|Any CPU
		{3521FB5D-9B8D-4206-BFDE-20DF66589BDF}.Release|Any CPU.ActiveCfg = Release|Any CPU
		{3521FB5D-9B8D-4206-BFDE-20DF66589BDF}.Release|Any CPU.Build.0 = Release|Any CPU
		{A12AAAD7-402E-4082-B852-6A9B7164DCC2}.Debug|Any CPU.ActiveCfg = Debug|Any CPU
		{A12AAAD7-402E-4082-B852-6A9B7164DCC2}.Debug|Any CPU.Build.0 = Debug|Any CPU
		{A12AAAD7-402E-4082-B852-6A9B7164DCC2}.Release|Any CPU.ActiveCfg = Release|Any CPU
		{A12AAAD7-402E-4082-B852-6A9B7164DCC2}.Release|Any CPU.Build.0 = Release|Any CPU
		{AB37099F-C9E6-4642-BD0E-FC62417BA70C}.Debug|Any CPU.ActiveCfg = Debug|Any CPU
		{AB37099F-C9E6-4642-BD0E-FC62417BA70C}.Debug|Any CPU.Build.0 = Debug|Any CPU
		{AB37099F-C9E6-4642-BD0E-FC62417BA70C}.Release|Any CPU.ActiveCfg = Release|Any CPU
		{AB37099F-C9E6-4642-BD0E-FC62417BA70C}.Release|Any CPU.Build.0 = Release|Any CPU
		{2B1E13C8-3B5D-4BE6-A9AC-59531DCA5929}.Debug|Any CPU.ActiveCfg = Debug|Any CPU
		{2B1E13C8-3B5D-4BE6-A9AC-59531DCA5929}.Debug|Any CPU.Build.0 = Debug|Any CPU
		{2B1E13C8-3B5D-4BE6-A9AC-59531DCA5929}.Release|Any CPU.ActiveCfg = Release|Any CPU
		{2B1E13C8-3B5D-4BE6-A9AC-59531DCA5929}.Release|Any CPU.Build.0 = Release|Any CPU
		{5C5BE615-5011-46F0-958C-3062CC4D7054}.Debug|Any CPU.ActiveCfg = Debug|Any CPU
		{5C5BE615-5011-46F0-958C-3062CC4D7054}.Debug|Any CPU.Build.0 = Debug|Any CPU
		{5C5BE615-5011-46F0-958C-3062CC4D7054}.Release|Any CPU.ActiveCfg = Release|Any CPU
		{5C5BE615-5011-46F0-958C-3062CC4D7054}.Release|Any CPU.Build.0 = Release|Any CPU
		{04F10968-4984-46C2-A540-5C5CDA3D8F4A}.Debug|Any CPU.ActiveCfg = Debug|Any CPU
		{04F10968-4984-46C2-A540-5C5CDA3D8F4A}.Debug|Any CPU.Build.0 = Debug|Any CPU
		{04F10968-4984-46C2-A540-5C5CDA3D8F4A}.Release|Any CPU.ActiveCfg = Release|Any CPU
		{04F10968-4984-46C2-A540-5C5CDA3D8F4A}.Release|Any CPU.Build.0 = Release|Any CPU
		{834BC09E-3A8C-4FB7-A5F0-45992C7654B7}.Debug|Any CPU.ActiveCfg = Debug|Any CPU
		{834BC09E-3A8C-4FB7-A5F0-45992C7654B7}.Debug|Any CPU.Build.0 = Debug|Any CPU
		{834BC09E-3A8C-4FB7-A5F0-45992C7654B7}.Debug|Any CPU.Deploy.0 = Debug|Any CPU
		{834BC09E-3A8C-4FB7-A5F0-45992C7654B7}.Release|Any CPU.ActiveCfg = Release|Any CPU
		{834BC09E-3A8C-4FB7-A5F0-45992C7654B7}.Release|Any CPU.Build.0 = Release|Any CPU
		{834BC09E-3A8C-4FB7-A5F0-45992C7654B7}.Release|Any CPU.Deploy.0 = Release|Any CPU
		{6063D8CC-01EE-4BA6-9118-5ACC7C2E05C9}.Debug|Any CPU.ActiveCfg = Debug|Any CPU
		{6063D8CC-01EE-4BA6-9118-5ACC7C2E05C9}.Debug|Any CPU.Build.0 = Debug|Any CPU
		{6063D8CC-01EE-4BA6-9118-5ACC7C2E05C9}.Release|Any CPU.ActiveCfg = Release|Any CPU
		{6063D8CC-01EE-4BA6-9118-5ACC7C2E05C9}.Release|Any CPU.Build.0 = Release|Any CPU
		{51C2EF6B-6BA2-4F8B-AA68-814E6E6A7F3F}.Debug|Any CPU.ActiveCfg = Debug|Any CPU
		{51C2EF6B-6BA2-4F8B-AA68-814E6E6A7F3F}.Debug|Any CPU.Build.0 = Debug|Any CPU
		{51C2EF6B-6BA2-4F8B-AA68-814E6E6A7F3F}.Debug|Any CPU.Deploy.0 = Debug|Any CPU
		{51C2EF6B-6BA2-4F8B-AA68-814E6E6A7F3F}.Release|Any CPU.ActiveCfg = Release|Any CPU
		{51C2EF6B-6BA2-4F8B-AA68-814E6E6A7F3F}.Release|Any CPU.Build.0 = Release|Any CPU
		{51C2EF6B-6BA2-4F8B-AA68-814E6E6A7F3F}.Release|Any CPU.Deploy.0 = Release|Any CPU
		{F8EED9C4-F8C1-42D3-84AE-59E55FC4926A}.Debug|Any CPU.ActiveCfg = Debug|Any CPU
		{F8EED9C4-F8C1-42D3-84AE-59E55FC4926A}.Debug|Any CPU.Build.0 = Debug|Any CPU
		{F8EED9C4-F8C1-42D3-84AE-59E55FC4926A}.Release|Any CPU.ActiveCfg = Release|Any CPU
		{F8EED9C4-F8C1-42D3-84AE-59E55FC4926A}.Release|Any CPU.Build.0 = Release|Any CPU
	EndGlobalSection
	GlobalSection(SolutionProperties) = preSolution
		HideSolutionNode = FALSE
	EndGlobalSection
	GlobalSection(NestedProjects) = preSolution
		{0D820C66-3F3B-4EEB-8AE8-410CA09DD7B7} = {C4BE41AE-DD8E-4D34-9951-5BADAF85BE53}
		{07E8E596-B94B-42D7-AFEA-1DCFD30154A4} = {C4BE41AE-DD8E-4D34-9951-5BADAF85BE53}
		{A0D80B46-C909-4BF3-BB15-C35CDA5146D2} = {C4BE41AE-DD8E-4D34-9951-5BADAF85BE53}
		{FA0E09AA-E408-4070-A971-C881AA08D19D} = {C4BE41AE-DD8E-4D34-9951-5BADAF85BE53}
		{0FE8A792-729B-4A75-848A-2D0747A22702} = {C4BE41AE-DD8E-4D34-9951-5BADAF85BE53}
		{FD921623-7578-48A3-8602-5C4791317D78} = {C4BE41AE-DD8E-4D34-9951-5BADAF85BE53}
		{F4AE317B-C034-4B54-844F-026F062B871C} = {3B623333-0D74-4C71-BD6E-57FB1AB51512}
		{0F8A45BD-7A6D-4135-B5E1-05EF15416592} = {C4BE41AE-DD8E-4D34-9951-5BADAF85BE53}
		{E7311E28-5B6A-40A0-B600-7E3E0E4454CE} = {C4BE41AE-DD8E-4D34-9951-5BADAF85BE53}
		{C04C3008-F055-4D17-90D1-C4D00A88ED4F} = {C4BE41AE-DD8E-4D34-9951-5BADAF85BE53}
		{D553D9DE-AA60-43A5-B767-2A590686155C} = {B0715156-EC67-4A7A-8F6A-C2965322DA49}
		{85E6E1B1-DD30-4445-9405-05FF249C6FE4} = {C4BE41AE-DD8E-4D34-9951-5BADAF85BE53}
		{2C3ABC53-B00D-4E99-A9FE-461B2FD6A293} = {C4BE41AE-DD8E-4D34-9951-5BADAF85BE53}
		{44A24814-9030-4018-AE68-8A8DD645E8BA} = {C4BE41AE-DD8E-4D34-9951-5BADAF85BE53}
		{24486E3A-E8B1-41D3-9713-27A79D13E899} = {C4BE41AE-DD8E-4D34-9951-5BADAF85BE53}
		{EABB1985-CD54-4445-A901-078548BB1876} = {C4BE41AE-DD8E-4D34-9951-5BADAF85BE53}
		{BE9452E0-AE7F-490C-9A8F-3F997D0B0487} = {C4BE41AE-DD8E-4D34-9951-5BADAF85BE53}
		{0DC3E748-E16B-47F7-9ADE-135110A35BE9} = {C4BE41AE-DD8E-4D34-9951-5BADAF85BE53}
		{4F7281A5-EBA9-4325-AC17-0E4C8EA08D15} = {C4BE41AE-DD8E-4D34-9951-5BADAF85BE53}
		{21DC63BF-260A-4745-A2DE-8BA657D9512A} = {4A1500FC-B8C7-4B97-92BF-A84ABFFF236C}
		{B6C3F1E6-8723-4D62-AE41-F1EC5F66DCD8} = {4A1500FC-B8C7-4B97-92BF-A84ABFFF236C}
		{021AF28D-67C2-43A4-A0A7-3010DFFF0790} = {197618A0-BDD0-40C0-BBC3-678E58EAFF70}
		{52DDABEF-CD3D-4217-9DAF-9FF896355133} = {B0715156-EC67-4A7A-8F6A-C2965322DA49}
		{B07FE6CB-51DC-44D9-8D3E-C4FBA4EDE336} = {197618A0-BDD0-40C0-BBC3-678E58EAFF70}
		{8BC8E3B2-92B8-4C94-AF22-93D361240255} = {197618A0-BDD0-40C0-BBC3-678E58EAFF70}
		{2208388B-F360-44F9-BD31-71FC64B1E623} = {197618A0-BDD0-40C0-BBC3-678E58EAFF70}
		{222175AD-3EBD-4B8B-9FEB-F1022790B728} = {197618A0-BDD0-40C0-BBC3-678E58EAFF70}
		{6157BCF9-150D-4BC4-BF2C-E89D2BDA7B49} = {197618A0-BDD0-40C0-BBC3-678E58EAFF70}
		{071561B5-EF16-41DE-A877-364529041185} = {197618A0-BDD0-40C0-BBC3-678E58EAFF70}
		{44CFA990-0909-4E28-BEA8-44A1EFF2E3F5} = {197618A0-BDD0-40C0-BBC3-678E58EAFF70}
		{9FB66277-C06F-47F7-8A2F-79D7A4E6B513} = {197618A0-BDD0-40C0-BBC3-678E58EAFF70}
		{9E9492EA-DC98-4C1B-A40A-9A8F9A284F23} = {197618A0-BDD0-40C0-BBC3-678E58EAFF70}
		{1CF9C779-9CCE-426F-B608-0115163CFF48} = {197618A0-BDD0-40C0-BBC3-678E58EAFF70}
		{0FA50B7D-28DF-4805-A168-6B05A5328C00} = {197618A0-BDD0-40C0-BBC3-678E58EAFF70}
		{5E45740E-DE5C-497A-AE72-76504F3669E8} = {A2D250F1-4173-41CB-A2EA-791B9E9CA65B}
		{9B69A863-2323-4801-ADCE-E06C3B00E9AB} = {20A5A6F5-B1C4-44C4-B29E-AF35F015B582}
		{C8E137EB-8C28-4E57-84FA-0C805C2E0540} = {20A5A6F5-B1C4-44C4-B29E-AF35F015B582}
		{F3950ADC-2322-4FB5-8E14-A7A54E13A2E5} = {3B623333-0D74-4C71-BD6E-57FB1AB51512}
		{503CB46A-05A7-4348-A7BF-B96006FB2050} = {3B623333-0D74-4C71-BD6E-57FB1AB51512}
		{7E91F446-1A61-4000-A56D-F36C5704B9B1} = {3B623333-0D74-4C71-BD6E-57FB1AB51512}
		{4654075B-46F1-404A-93F3-1F1B41B8C5B8} = {D0458D64-77AD-4A31-A7A6-BC71EBC5C0D2}
		{D0B23BE9-AE8B-4CE5-8DC3-5C66EEE20FB9} = {D0458D64-77AD-4A31-A7A6-BC71EBC5C0D2}
		{390AFCFD-C11D-41A2-91B5-AC2D2DDBA336} = {D553D9DE-AA60-43A5-B767-2A590686155C}
		{CD436A60-128B-49DD-8491-463FE84068B6} = {D553D9DE-AA60-43A5-B767-2A590686155C}
		{41BC0626-17C1-4E9E-875C-710AF50F2644} = {D553D9DE-AA60-43A5-B767-2A590686155C}
		{F9B39063-28C6-4FAA-A258-33120B56E0A8} = {D553D9DE-AA60-43A5-B767-2A590686155C}
		{7BA2C177-0E9F-478C-917F-439E0297A0AE} = {B0715156-EC67-4A7A-8F6A-C2965322DA49}
		{04FD1C4D-BE30-4206-BA68-5FBA118B4987} = {B0715156-EC67-4A7A-8F6A-C2965322DA49}
		{9B5A3019-FAE4-4B54-8FBE-FE58132AD4A6} = {B0715156-EC67-4A7A-8F6A-C2965322DA49}
		{A07A6255-EFF5-4A86-AC9A-0435B505E03D} = {B0715156-EC67-4A7A-8F6A-C2965322DA49}
		{FF774C1D-A53A-45DB-8A86-3543996D84FC} = {B0715156-EC67-4A7A-8F6A-C2965322DA49}
		{39E7A99B-A2C4-4E92-AA2A-37A6F826E1A2} = {B0715156-EC67-4A7A-8F6A-C2965322DA49}
		{3521FB5D-9B8D-4206-BFDE-20DF66589BDF} = {8AC51F66-3C46-46F3-BB2E-6331BB477290}
		{15169303-DDF4-4F07-830B-95BE191240DE} = {2642476A-C116-400E-942A-D79A4EF6A1FC}
		{A12AAAD7-402E-4082-B852-6A9B7164DCC2} = {2642476A-C116-400E-942A-D79A4EF6A1FC}
		{AB37099F-C9E6-4642-BD0E-FC62417BA70C} = {3B623333-0D74-4C71-BD6E-57FB1AB51512}
		{2B1E13C8-3B5D-4BE6-A9AC-59531DCA5929} = {C4BE41AE-DD8E-4D34-9951-5BADAF85BE53}
		{5C5BE615-5011-46F0-958C-3062CC4D7054} = {C4BE41AE-DD8E-4D34-9951-5BADAF85BE53}
		{04F10968-4984-46C2-A540-5C5CDA3D8F4A} = {26F9C8C3-04A2-416E-8CF1-83F89E6896BE}
		{834BC09E-3A8C-4FB7-A5F0-45992C7654B7} = {26F9C8C3-04A2-416E-8CF1-83F89E6896BE}
		{6063D8CC-01EE-4BA6-9118-5ACC7C2E05C9} = {C4BE41AE-DD8E-4D34-9951-5BADAF85BE53}
		{51C2EF6B-6BA2-4F8B-AA68-814E6E6A7F3F} = {C4BE41AE-DD8E-4D34-9951-5BADAF85BE53}
		{F8EED9C4-F8C1-42D3-84AE-59E55FC4926A} = {C4BE41AE-DD8E-4D34-9951-5BADAF85BE53}
	EndGlobalSection
	GlobalSection(ExtensibilityGlobals) = postSolution
		SolutionGuid = {EC68E9A1-91AC-4B6A-B817-573F85D4F550}
	EndGlobalSection
	GlobalSection(SharedMSBuildProjectFiles) = preSolution
		..\Source\DataBases\HeBianGu.AvaloniaUI.DataBase.Share\HeBianGu.AvaloniaUI.DataBase.Share.projitems*{15169303-ddf4-4f07-830b-95be191240de}*SharedItemsImports = 13
		..\Source\DataBases\HeBianGu.AvaloniaUI.DataBase.Share\HeBianGu.AvaloniaUI.DataBase.Share.projitems*{a12aaad7-402e-4082-b852-6a9b7164dcc2}*SharedItemsImports = 5
	EndGlobalSection
EndGlobal
