
Microsoft Visual Studio Solution File, Format Version 12.00
# Visual Studio Version 17
VisualStudioVersion = 17.8.34525.116
MinimumVisualStudioVersion = 10.0.40219.1
Project("{9A19103F-16F7-4668-BE54-9A1E7A4F7556}") = "HeBianGu.Test.Controls", "..\Source\Test\HeBianGu.Test.Controls\HeBianGu.Test.Controls.csproj", "{0D820C66-3F3B-4EEB-8AE8-410CA09DD7B7}"
EndProject
Project("{9A19103F-16F7-4668-BE54-9A1E7A4F7556}") = "HeBianGu.Test.Controls.Android", "..\Source\Test\HeBianGu.Test.Controls.Android\HeBianGu.Test.Controls.Android.csproj", "{07E8E596-B94B-42D7-AFEA-1DCFD30154A4}"
EndProject
Project("{9A19103F-16F7-4668-BE54-9A1E7A4F7556}") = "HeBianGu.Test.Controls.Desktop", "..\Source\Test\HeBianGu.Test.Controls.Desktop\HeBianGu.Test.Controls.Desktop.csproj", "{A0D80B46-C909-4BF3-BB15-C35CDA5146D2}"
EndProject
Project("{9A19103F-16F7-4668-BE54-9A1E7A4F7556}") = "HeBianGu.Test.Main", "..\Source\Test\HeBianGu.Test.Main\HeBianGu.Test.Main.csproj", "{FA0E09AA-E408-4070-A971-C881AA08D19D}"
EndProject
Project("{9A19103F-16F7-4668-BE54-9A1E7A4F7556}") = "HeBianGu.Test.Main.Android", "..\Source\Test\HeBianGu.Test.Main.Android\HeBianGu.Test.Main.Android.csproj", "{0FE8A792-729B-4A75-848A-2D0747A22702}"
EndProject
Project("{9A19103F-16F7-4668-BE54-9A1E7A4F7556}") = "HeBianGu.Test.Main.Desktop", "..\Source\Test\HeBianGu.Test.Main.Desktop\HeBianGu.Test.Main.Desktop.csproj", "{FD921623-7578-48A3-8602-5C4791317D78}"
EndProject
Project("{9A19103F-16F7-4668-BE54-9A1E7A4F7556}") = "HeBianGu.Controls.MultiComboBox", "..\Source\Controls\HeBianGu.Controls.MultiComboBox\HeBianGu.Controls.MultiComboBox.csproj", "{0718836C-6B82-4B6B-B905-D6962394119A}"
EndProject
Project("{9A19103F-16F7-4668-BE54-9A1E7A4F7556}") = "HeBianGu.Controls.TemplateControl", "..\Source\Controls\HeBianGu.Controls.TemplateControl\HeBianGu.Controls.TemplateControl.csproj", "{F4AE317B-C034-4B54-844F-026F062B871C}"
EndProject
Project("{9A19103F-16F7-4668-BE54-9A1E7A4F7556}") = "HeBianGu.Themes.Default", "..\Source\Themes\HeBianGu.Themes.Default\HeBianGu.Themes.Default.csproj", "{E227CD42-EEFE-49C1-AF16-6C1624590327}"
EndProject
Project("{9A19103F-16F7-4668-BE54-9A1E7A4F7556}") = "HeBianGu.Styles.Default", "..\Source\Styles\HeBianGu.Styles.Default\HeBianGu.Styles.Default.csproj", "{3B30AE60-B751-47C5-9929-7E4D6F63E40B}"
EndProject
Project("{9A19103F-16F7-4668-BE54-9A1E7A4F7556}") = "HeBianGu.Test.Style", "..\Source\Test\HeBianGu.Test.Style\HeBianGu.Test.Style.csproj", "{0F8A45BD-7A6D-4135-B5E1-05EF15416592}"
EndProject
Project("{9A19103F-16F7-4668-BE54-9A1E7A4F7556}") = "HeBianGu.Test.Style.Android", "..\Source\Test\HeBianGu.Test.Style.Android\HeBianGu.Test.Style.Android.csproj", "{E7311E28-5B6A-40A0-B600-7E3E0E4454CE}"
EndProject
Project("{9A19103F-16F7-4668-BE54-9A1E7A4F7556}") = "HeBianGu.Test.Style.Desktop", "..\Source\Test\HeBianGu.Test.Style.Desktop\HeBianGu.Test.Style.Desktop.csproj", "{C04C3008-F055-4D17-90D1-C4D00A88ED4F}"
EndProject
Project("{2150E333-8FDC-42A3-9474-1A3956D46DE8}") = "1 - Test", "1 - Test", "{C4BE41AE-DD8E-4D34-9951-5BADAF85BE53}"
EndProject
Project("{2150E333-8FDC-42A3-9474-1A3956D46DE8}") = "3 - Controls", "3 - Controls", "{3B623333-0D74-4C71-BD6E-57FB1AB51512}"
EndProject
Project("{2150E333-8FDC-42A3-9474-1A3956D46DE8}") = "3 - Styles", "3 - Styles", "{20A5A6F5-B1C4-44C4-B29E-AF35F015B582}"
EndProject
Project("{2150E333-8FDC-42A3-9474-1A3956D46DE8}") = "4 - Themes", "4 - Themes", "{A2D250F1-4173-41CB-A2EA-791B9E9CA65B}"
EndProject
Project("{2150E333-8FDC-42A3-9474-1A3956D46DE8}") = "5 - Extensions", "5 - Extensions", "{197618A0-BDD0-40C0-BBC3-678E58EAFF70}"
EndProject
Project("{9A19103F-16F7-4668-BE54-9A1E7A4F7556}") = "HeBianGu.Avalonia.Extensions.ValueConverter", "..\Source\Extensions\HeBianGu.Avalonia.Extensions.ValueConverter\HeBianGu.Avalonia.Extensions.ValueConverter.csproj", "{DE50834D-D24C-4BA9-BE36-5F76A5E7E1E6}"
EndProject
Project("{9A19103F-16F7-4668-BE54-9A1E7A4F7556}") = "HeBianGu.Avalonia.Extensions.Command", "..\Source\Extensions\HeBianGu.Avalonia.Extensions.Command\HeBianGu.Avalonia.Extensions.Command.csproj", "{39CA0D47-CF47-411B-AE4E-62D32480A90D}"
EndProject
Project("{9A19103F-16F7-4668-BE54-9A1E7A4F7556}") = "HeBianGu.Avalonia.Extensions.Behvaiors", "..\Source\Extensions\HeBianGu.Avalonia.Extensions.Behvaiors\HeBianGu.Avalonia.Extensions.Behvaiors.csproj", "{92B0B51A-3103-4CF3-B6B2-D79166589CE9}"
EndProject
Project("{9A19103F-16F7-4668-BE54-9A1E7A4F7556}") = "HeBianGu.Avalonia.Extensions.MarkupExtensions", "..\Source\Extensions\HeBianGu.Avalonia.Extensions.MarkupExtensions\HeBianGu.Avalonia.Extensions.MarkupExtensions.csproj", "{7829E601-512C-4159-9A44-77277ED58001}"
EndProject
Project("{2150E333-8FDC-42A3-9474-1A3956D46DE8}") = "6 - Cores", "6 - Cores", "{4A1500FC-B8C7-4B97-92BF-A84ABFFF236C}"
EndProject
Project("{9A19103F-16F7-4668-BE54-9A1E7A4F7556}") = "HeBianGu.Avalonia.Core.Ioc", "..\Source\Core\HeBianGu.Avalonia.Core.Ioc\HeBianGu.Avalonia.Core.Ioc.csproj", "{C6C09B1F-0370-4D11-9547-263C7F3B2EB5}"
EndProject
Project("{9A19103F-16F7-4668-BE54-9A1E7A4F7556}") = "HeBianGu.Avalonia.Core.Mvvm", "..\Source\Core\HeBianGu.Avalonia.Core.Mvvm\HeBianGu.Avalonia.Core.Mvvm.csproj", "{66734056-AB1C-444E-A8A0-138ECF397B9C}"
EndProject
Project("{2150E333-8FDC-42A3-9474-1A3956D46DE8}") = "2 - Modules", "2 - Modules", "{B0715156-EC67-4A7A-8F6A-C2965322DA49}"
EndProject
Project("{9A19103F-16F7-4668-BE54-9A1E7A4F7556}") = "HeBianGu.Avalonia.Modules.Login", "..\Source\Modules\HeBianGu.Avalonia.Modules.Login\HeBianGu.Avalonia.Modules.Login.csproj", "{FA72DDFA-4A91-4278-8C04-449DD8D8A52E}"
EndProject
Project("{9A19103F-16F7-4668-BE54-9A1E7A4F7556}") = "HeBianGu.Avalonia.Extensions.Setting", "..\Source\Extensions\HeBianGu.Avalonia.Extensions.Setting\HeBianGu.Avalonia.Extensions.Setting.csproj", "{882FEA6C-CA71-4939-B483-AFCB7B77E6E4}"
EndProject
Project("{2150E333-8FDC-42A3-9474-1A3956D46DE8}") = "2 - Window", "2 - Window", "{D0458D64-77AD-4A31-A7A6-BC71EBC5C0D2}"
EndProject
Project("{9A19103F-16F7-4668-BE54-9A1E7A4F7556}") = "HeBianGu.Avalonia.Windows.Dialog", "..\Source\Windows\HeBianGu.Avalonia.Windows.Dialog\HeBianGu.Avalonia.Windows.Dialog.csproj", "{0E6EC69E-CBE3-42DC-930D-B4E36E28B3AF}"
EndProject
Project("{9A19103F-16F7-4668-BE54-9A1E7A4F7556}") = "HeBianGu.Avalonia.Extensions.ApplicationBase", "..\Source\Extensions\HeBianGu.Avalonia.Extensions.ApplicationBase\HeBianGu.Avalonia.Extensions.ApplicationBase.csproj", "{3AB7B80B-BAF5-4BC2-8CB5-B1A00E646D89}"
EndProject
Project("{9A19103F-16F7-4668-BE54-9A1E7A4F7556}") = "HeBianGu.Avalonia.Controls.Form", "..\Source\Controls\HeBianGu.Avalonia.Controls.Form\HeBianGu.Avalonia.Controls.Form.csproj", "{C077037C-8A11-4F07-A98D-0BBD2DEBAB5F}"
EndProject
Project("{9A19103F-16F7-4668-BE54-9A1E7A4F7556}") = "HeBianGu.Avalonia.Extensions.Common", "..\Source\Extensions\HeBianGu.Avalonia.Extensions.Common\HeBianGu.Avalonia.Extensions.Common.csproj", "{895CB1D2-2A1F-4B16-9375-FFE45BAFD939}"
EndProject
Project("{9A19103F-16F7-4668-BE54-9A1E7A4F7556}") = "HeBianGu.Avalonia.Modules.Setting", "..\Source\Modules\HeBianGu.Avalonia.Modules.Setting\HeBianGu.Avalonia.Modules.Setting.csproj", "{F15AE5E5-03BD-4F1D-A40B-69355DA61E29}"
EndProject
Project("{9A19103F-16F7-4668-BE54-9A1E7A4F7556}") = "Avalonia.Modules.Messages.Dialog", "..\Source\Modules\Avalonia.Modules.Messages.Dialog\Avalonia.Modules.Messages.Dialog.csproj", "{985BF8B9-82FC-4ED0-A9D4-E4D03AD1CD64}"
EndProject
Project("{9A19103F-16F7-4668-BE54-9A1E7A4F7556}") = "Avalonia.Modules.Messages.Form", "..\Source\Modules\Avalonia.Modules.Messages.Form\Avalonia.Modules.Messages.Form.csproj", "{22C5A669-249D-4F21-AA0B-D959EE16E653}"
EndProject
Project("{9A19103F-16F7-4668-BE54-9A1E7A4F7556}") = "Avalonia.Modules.Messages.Notice", "..\Source\Modules\Avalonia.Modules.Messages.Notice\Avalonia.Modules.Messages.Notice.csproj", "{6C3762C6-366A-4E5D-BED4-A9A53ADDB19A}"
EndProject
Project("{9A19103F-16F7-4668-BE54-9A1E7A4F7556}") = "Avalonia.Modules.Messages.Snack", "..\Source\Modules\Avalonia.Modules.Messages.Snack\Avalonia.Modules.Messages.Snack.csproj", "{940B7B27-62FA-4F01-B688-F4A5F7332059}"
EndProject
Project("{9A19103F-16F7-4668-BE54-9A1E7A4F7556}") = "Avalonia.Extensions.Geometry", "..\Source\Extensions\Avalonia.Extensions.Geometry\Avalonia.Extensions.Geometry.csproj", "{D6322174-4E49-437D-9F63-AEC0AF137229}"
EndProject
Project("{9A19103F-16F7-4668-BE54-9A1E7A4F7556}") = "Avalonia.Windows.Main", "..\Source\Windows\Avalonia.Windows.Main\Avalonia.Windows.Main.csproj", "{FBCD292D-1DA7-49AF-9257-DEDB08EF457C}"
EndProject
Project("{9A19103F-16F7-4668-BE54-9A1E7A4F7556}") = "Avalonia.Modules.SplashScreen", "..\Source\Modules\Avalonia.Modules.SplashScreen\Avalonia.Modules.SplashScreen.csproj", "{936A9E09-9227-4587-8CAA-82DD3310DDF9}"
EndProject
Project("{9A19103F-16F7-4668-BE54-9A1E7A4F7556}") = "Avalonia.Extensions.Attach", "..\Source\Extensions\Avalonia.Extensions.Attach\Avalonia.Extensions.Attach.csproj", "{3FEB6058-25AA-4B3F-859B-D12B65DAD02F}"
EndProject
Project("{9A19103F-16F7-4668-BE54-9A1E7A4F7556}") = "Avalonia.Styles", "..\Source\Styles\Avalonia.Styles\Avalonia.Styles.csproj", "{4837DDC7-2AA5-44AC-AE12-EF010FD9B15A}"
EndProject
Project("{FAE04EC0-301F-11D3-BF4B-00C04F79EFBC}") = "Avalonia.Extensions.BackgroundImage", "..\Source\Extensions\Avalonia.Extensions.BackgroundImage\Avalonia.Extensions.BackgroundImage.csproj", "{5833DD60-4C48-4793-9FEB-33B09B330BE5}"
EndProject
Global
	GlobalSection(SolutionConfigurationPlatforms) = preSolution
		Debug|Any CPU = Debug|Any CPU
		Release|Any CPU = Release|Any CPU
	EndGlobalSection
	GlobalSection(ProjectConfigurationPlatforms) = postSolution
		{0D820C66-3F3B-4EEB-8AE8-410CA09DD7B7}.Debug|Any CPU.ActiveCfg = Debug|Any CPU
		{0D820C66-3F3B-4EEB-8AE8-410CA09DD7B7}.Debug|Any CPU.Build.0 = Debug|Any CPU
		{0D820C66-3F3B-4EEB-8AE8-410CA09DD7B7}.Release|Any CPU.ActiveCfg = Release|Any CPU
		{0D820C66-3F3B-4EEB-8AE8-410CA09DD7B7}.Release|Any CPU.Build.0 = Release|Any CPU
		{07E8E596-B94B-42D7-AFEA-1DCFD30154A4}.Debug|Any CPU.ActiveCfg = Debug|Any CPU
		{07E8E596-B94B-42D7-AFEA-1DCFD30154A4}.Debug|Any CPU.Build.0 = Debug|Any CPU
		{07E8E596-B94B-42D7-AFEA-1DCFD30154A4}.Debug|Any CPU.Deploy.0 = Debug|Any CPU
		{07E8E596-B94B-42D7-AFEA-1DCFD30154A4}.Release|Any CPU.ActiveCfg = Release|Any CPU
		{07E8E596-B94B-42D7-AFEA-1DCFD30154A4}.Release|Any CPU.Build.0 = Release|Any CPU
		{07E8E596-B94B-42D7-AFEA-1DCFD30154A4}.Release|Any CPU.Deploy.0 = Release|Any CPU
		{A0D80B46-C909-4BF3-BB15-C35CDA5146D2}.Debug|Any CPU.ActiveCfg = Debug|Any CPU
		{A0D80B46-C909-4BF3-BB15-C35CDA5146D2}.Debug|Any CPU.Build.0 = Debug|Any CPU
		{A0D80B46-C909-4BF3-BB15-C35CDA5146D2}.Release|Any CPU.ActiveCfg = Release|Any CPU
		{A0D80B46-C909-4BF3-BB15-C35CDA5146D2}.Release|Any CPU.Build.0 = Release|Any CPU
		{FA0E09AA-E408-4070-A971-C881AA08D19D}.Debug|Any CPU.ActiveCfg = Debug|Any CPU
		{FA0E09AA-E408-4070-A971-C881AA08D19D}.Debug|Any CPU.Build.0 = Debug|Any CPU
		{FA0E09AA-E408-4070-A971-C881AA08D19D}.Release|Any CPU.ActiveCfg = Release|Any CPU
		{FA0E09AA-E408-4070-A971-C881AA08D19D}.Release|Any CPU.Build.0 = Release|Any CPU
		{0FE8A792-729B-4A75-848A-2D0747A22702}.Debug|Any CPU.ActiveCfg = Debug|Any CPU
		{0FE8A792-729B-4A75-848A-2D0747A22702}.Debug|Any CPU.Build.0 = Debug|Any CPU
		{0FE8A792-729B-4A75-848A-2D0747A22702}.Debug|Any CPU.Deploy.0 = Debug|Any CPU
		{0FE8A792-729B-4A75-848A-2D0747A22702}.Release|Any CPU.ActiveCfg = Release|Any CPU
		{0FE8A792-729B-4A75-848A-2D0747A22702}.Release|Any CPU.Build.0 = Release|Any CPU
		{0FE8A792-729B-4A75-848A-2D0747A22702}.Release|Any CPU.Deploy.0 = Release|Any CPU
		{FD921623-7578-48A3-8602-5C4791317D78}.Debug|Any CPU.ActiveCfg = Debug|Any CPU
		{FD921623-7578-48A3-8602-5C4791317D78}.Debug|Any CPU.Build.0 = Debug|Any CPU
		{FD921623-7578-48A3-8602-5C4791317D78}.Release|Any CPU.ActiveCfg = Release|Any CPU
		{FD921623-7578-48A3-8602-5C4791317D78}.Release|Any CPU.Build.0 = Release|Any CPU
		{0718836C-6B82-4B6B-B905-D6962394119A}.Debug|Any CPU.ActiveCfg = Debug|Any CPU
		{0718836C-6B82-4B6B-B905-D6962394119A}.Debug|Any CPU.Build.0 = Debug|Any CPU
		{0718836C-6B82-4B6B-B905-D6962394119A}.Release|Any CPU.ActiveCfg = Release|Any CPU
		{0718836C-6B82-4B6B-B905-D6962394119A}.Release|Any CPU.Build.0 = Release|Any CPU
		{F4AE317B-C034-4B54-844F-026F062B871C}.Debug|Any CPU.ActiveCfg = Debug|Any CPU
		{F4AE317B-C034-4B54-844F-026F062B871C}.Debug|Any CPU.Build.0 = Debug|Any CPU
		{F4AE317B-C034-4B54-844F-026F062B871C}.Release|Any CPU.ActiveCfg = Release|Any CPU
		{F4AE317B-C034-4B54-844F-026F062B871C}.Release|Any CPU.Build.0 = Release|Any CPU
		{E227CD42-EEFE-49C1-AF16-6C1624590327}.Debug|Any CPU.ActiveCfg = Debug|Any CPU
		{E227CD42-EEFE-49C1-AF16-6C1624590327}.Debug|Any CPU.Build.0 = Debug|Any CPU
		{E227CD42-EEFE-49C1-AF16-6C1624590327}.Release|Any CPU.ActiveCfg = Release|Any CPU
		{E227CD42-EEFE-49C1-AF16-6C1624590327}.Release|Any CPU.Build.0 = Release|Any CPU
		{3B30AE60-B751-47C5-9929-7E4D6F63E40B}.Debug|Any CPU.ActiveCfg = Debug|Any CPU
		{3B30AE60-B751-47C5-9929-7E4D6F63E40B}.Debug|Any CPU.Build.0 = Debug|Any CPU
		{3B30AE60-B751-47C5-9929-7E4D6F63E40B}.Release|Any CPU.ActiveCfg = Release|Any CPU
		{3B30AE60-B751-47C5-9929-7E4D6F63E40B}.Release|Any CPU.Build.0 = Release|Any CPU
		{0F8A45BD-7A6D-4135-B5E1-05EF15416592}.Debug|Any CPU.ActiveCfg = Debug|Any CPU
		{0F8A45BD-7A6D-4135-B5E1-05EF15416592}.Debug|Any CPU.Build.0 = Debug|Any CPU
		{0F8A45BD-7A6D-4135-B5E1-05EF15416592}.Release|Any CPU.ActiveCfg = Release|Any CPU
		{0F8A45BD-7A6D-4135-B5E1-05EF15416592}.Release|Any CPU.Build.0 = Release|Any CPU
		{E7311E28-5B6A-40A0-B600-7E3E0E4454CE}.Debug|Any CPU.ActiveCfg = Debug|Any CPU
		{E7311E28-5B6A-40A0-B600-7E3E0E4454CE}.Debug|Any CPU.Build.0 = Debug|Any CPU
		{E7311E28-5B6A-40A0-B600-7E3E0E4454CE}.Debug|Any CPU.Deploy.0 = Debug|Any CPU
		{E7311E28-5B6A-40A0-B600-7E3E0E4454CE}.Release|Any CPU.ActiveCfg = Release|Any CPU
		{E7311E28-5B6A-40A0-B600-7E3E0E4454CE}.Release|Any CPU.Build.0 = Release|Any CPU
		{E7311E28-5B6A-40A0-B600-7E3E0E4454CE}.Release|Any CPU.Deploy.0 = Release|Any CPU
		{C04C3008-F055-4D17-90D1-C4D00A88ED4F}.Debug|Any CPU.ActiveCfg = Debug|Any CPU
		{C04C3008-F055-4D17-90D1-C4D00A88ED4F}.Debug|Any CPU.Build.0 = Debug|Any CPU
		{C04C3008-F055-4D17-90D1-C4D00A88ED4F}.Release|Any CPU.ActiveCfg = Release|Any CPU
		{C04C3008-F055-4D17-90D1-C4D00A88ED4F}.Release|Any CPU.Build.0 = Release|Any CPU
		{DE50834D-D24C-4BA9-BE36-5F76A5E7E1E6}.Debug|Any CPU.ActiveCfg = Debug|Any CPU
		{DE50834D-D24C-4BA9-BE36-5F76A5E7E1E6}.Debug|Any CPU.Build.0 = Debug|Any CPU
		{DE50834D-D24C-4BA9-BE36-5F76A5E7E1E6}.Release|Any CPU.ActiveCfg = Release|Any CPU
		{DE50834D-D24C-4BA9-BE36-5F76A5E7E1E6}.Release|Any CPU.Build.0 = Release|Any CPU
		{39CA0D47-CF47-411B-AE4E-62D32480A90D}.Debug|Any CPU.ActiveCfg = Debug|Any CPU
		{39CA0D47-CF47-411B-AE4E-62D32480A90D}.Debug|Any CPU.Build.0 = Debug|Any CPU
		{39CA0D47-CF47-411B-AE4E-62D32480A90D}.Release|Any CPU.ActiveCfg = Release|Any CPU
		{39CA0D47-CF47-411B-AE4E-62D32480A90D}.Release|Any CPU.Build.0 = Release|Any CPU
		{92B0B51A-3103-4CF3-B6B2-D79166589CE9}.Debug|Any CPU.ActiveCfg = Debug|Any CPU
		{92B0B51A-3103-4CF3-B6B2-D79166589CE9}.Debug|Any CPU.Build.0 = Debug|Any CPU
		{92B0B51A-3103-4CF3-B6B2-D79166589CE9}.Release|Any CPU.ActiveCfg = Release|Any CPU
		{92B0B51A-3103-4CF3-B6B2-D79166589CE9}.Release|Any CPU.Build.0 = Release|Any CPU
		{7829E601-512C-4159-9A44-77277ED58001}.Debug|Any CPU.ActiveCfg = Debug|Any CPU
		{7829E601-512C-4159-9A44-77277ED58001}.Debug|Any CPU.Build.0 = Debug|Any CPU
		{7829E601-512C-4159-9A44-77277ED58001}.Release|Any CPU.ActiveCfg = Release|Any CPU
		{7829E601-512C-4159-9A44-77277ED58001}.Release|Any CPU.Build.0 = Release|Any CPU
		{C6C09B1F-0370-4D11-9547-263C7F3B2EB5}.Debug|Any CPU.ActiveCfg = Debug|Any CPU
		{C6C09B1F-0370-4D11-9547-263C7F3B2EB5}.Debug|Any CPU.Build.0 = Debug|Any CPU
		{C6C09B1F-0370-4D11-9547-263C7F3B2EB5}.Release|Any CPU.ActiveCfg = Release|Any CPU
		{C6C09B1F-0370-4D11-9547-263C7F3B2EB5}.Release|Any CPU.Build.0 = Release|Any CPU
		{66734056-AB1C-444E-A8A0-138ECF397B9C}.Debug|Any CPU.ActiveCfg = Debug|Any CPU
		{66734056-AB1C-444E-A8A0-138ECF397B9C}.Debug|Any CPU.Build.0 = Debug|Any CPU
		{66734056-AB1C-444E-A8A0-138ECF397B9C}.Release|Any CPU.ActiveCfg = Release|Any CPU
		{66734056-AB1C-444E-A8A0-138ECF397B9C}.Release|Any CPU.Build.0 = Release|Any CPU
		{FA72DDFA-4A91-4278-8C04-449DD8D8A52E}.Debug|Any CPU.ActiveCfg = Debug|Any CPU
		{FA72DDFA-4A91-4278-8C04-449DD8D8A52E}.Debug|Any CPU.Build.0 = Debug|Any CPU
		{FA72DDFA-4A91-4278-8C04-449DD8D8A52E}.Release|Any CPU.ActiveCfg = Release|Any CPU
		{FA72DDFA-4A91-4278-8C04-449DD8D8A52E}.Release|Any CPU.Build.0 = Release|Any CPU
		{882FEA6C-CA71-4939-B483-AFCB7B77E6E4}.Debug|Any CPU.ActiveCfg = Debug|Any CPU
		{882FEA6C-CA71-4939-B483-AFCB7B77E6E4}.Debug|Any CPU.Build.0 = Debug|Any CPU
		{882FEA6C-CA71-4939-B483-AFCB7B77E6E4}.Release|Any CPU.ActiveCfg = Release|Any CPU
		{882FEA6C-CA71-4939-B483-AFCB7B77E6E4}.Release|Any CPU.Build.0 = Release|Any CPU
		{0E6EC69E-CBE3-42DC-930D-B4E36E28B3AF}.Debug|Any CPU.ActiveCfg = Debug|Any CPU
		{0E6EC69E-CBE3-42DC-930D-B4E36E28B3AF}.Debug|Any CPU.Build.0 = Debug|Any CPU
		{0E6EC69E-CBE3-42DC-930D-B4E36E28B3AF}.Release|Any CPU.ActiveCfg = Release|Any CPU
		{0E6EC69E-CBE3-42DC-930D-B4E36E28B3AF}.Release|Any CPU.Build.0 = Release|Any CPU
		{3AB7B80B-BAF5-4BC2-8CB5-B1A00E646D89}.Debug|Any CPU.ActiveCfg = Debug|Any CPU
		{3AB7B80B-BAF5-4BC2-8CB5-B1A00E646D89}.Debug|Any CPU.Build.0 = Debug|Any CPU
		{3AB7B80B-BAF5-4BC2-8CB5-B1A00E646D89}.Release|Any CPU.ActiveCfg = Release|Any CPU
		{3AB7B80B-BAF5-4BC2-8CB5-B1A00E646D89}.Release|Any CPU.Build.0 = Release|Any CPU
		{C077037C-8A11-4F07-A98D-0BBD2DEBAB5F}.Debug|Any CPU.ActiveCfg = Debug|Any CPU
		{C077037C-8A11-4F07-A98D-0BBD2DEBAB5F}.Debug|Any CPU.Build.0 = Debug|Any CPU
		{C077037C-8A11-4F07-A98D-0BBD2DEBAB5F}.Release|Any CPU.ActiveCfg = Release|Any CPU
		{C077037C-8A11-4F07-A98D-0BBD2DEBAB5F}.Release|Any CPU.Build.0 = Release|Any CPU
		{895CB1D2-2A1F-4B16-9375-FFE45BAFD939}.Debug|Any CPU.ActiveCfg = Debug|Any CPU
		{895CB1D2-2A1F-4B16-9375-FFE45BAFD939}.Debug|Any CPU.Build.0 = Debug|Any CPU
		{895CB1D2-2A1F-4B16-9375-FFE45BAFD939}.Release|Any CPU.ActiveCfg = Release|Any CPU
		{895CB1D2-2A1F-4B16-9375-FFE45BAFD939}.Release|Any CPU.Build.0 = Release|Any CPU
		{F15AE5E5-03BD-4F1D-A40B-69355DA61E29}.Debug|Any CPU.ActiveCfg = Debug|Any CPU
		{F15AE5E5-03BD-4F1D-A40B-69355DA61E29}.Debug|Any CPU.Build.0 = Debug|Any CPU
		{F15AE5E5-03BD-4F1D-A40B-69355DA61E29}.Release|Any CPU.ActiveCfg = Release|Any CPU
		{F15AE5E5-03BD-4F1D-A40B-69355DA61E29}.Release|Any CPU.Build.0 = Release|Any CPU
		{985BF8B9-82FC-4ED0-A9D4-E4D03AD1CD64}.Debug|Any CPU.ActiveCfg = Debug|Any CPU
		{985BF8B9-82FC-4ED0-A9D4-E4D03AD1CD64}.Debug|Any CPU.Build.0 = Debug|Any CPU
		{985BF8B9-82FC-4ED0-A9D4-E4D03AD1CD64}.Release|Any CPU.ActiveCfg = Release|Any CPU
		{985BF8B9-82FC-4ED0-A9D4-E4D03AD1CD64}.Release|Any CPU.Build.0 = Release|Any CPU
		{22C5A669-249D-4F21-AA0B-D959EE16E653}.Debug|Any CPU.ActiveCfg = Debug|Any CPU
		{22C5A669-249D-4F21-AA0B-D959EE16E653}.Debug|Any CPU.Build.0 = Debug|Any CPU
		{22C5A669-249D-4F21-AA0B-D959EE16E653}.Release|Any CPU.ActiveCfg = Release|Any CPU
		{22C5A669-249D-4F21-AA0B-D959EE16E653}.Release|Any CPU.Build.0 = Release|Any CPU
		{6C3762C6-366A-4E5D-BED4-A9A53ADDB19A}.Debug|Any CPU.ActiveCfg = Debug|Any CPU
		{6C3762C6-366A-4E5D-BED4-A9A53ADDB19A}.Debug|Any CPU.Build.0 = Debug|Any CPU
		{6C3762C6-366A-4E5D-BED4-A9A53ADDB19A}.Release|Any CPU.ActiveCfg = Release|Any CPU
		{6C3762C6-366A-4E5D-BED4-A9A53ADDB19A}.Release|Any CPU.Build.0 = Release|Any CPU
		{940B7B27-62FA-4F01-B688-F4A5F7332059}.Debug|Any CPU.ActiveCfg = Debug|Any CPU
		{940B7B27-62FA-4F01-B688-F4A5F7332059}.Debug|Any CPU.Build.0 = Debug|Any CPU
		{940B7B27-62FA-4F01-B688-F4A5F7332059}.Release|Any CPU.ActiveCfg = Release|Any CPU
		{940B7B27-62FA-4F01-B688-F4A5F7332059}.Release|Any CPU.Build.0 = Release|Any CPU
		{D6322174-4E49-437D-9F63-AEC0AF137229}.Debug|Any CPU.ActiveCfg = Debug|Any CPU
		{D6322174-4E49-437D-9F63-AEC0AF137229}.Debug|Any CPU.Build.0 = Debug|Any CPU
		{D6322174-4E49-437D-9F63-AEC0AF137229}.Release|Any CPU.ActiveCfg = Release|Any CPU
		{D6322174-4E49-437D-9F63-AEC0AF137229}.Release|Any CPU.Build.0 = Release|Any CPU
		{FBCD292D-1DA7-49AF-9257-DEDB08EF457C}.Debug|Any CPU.ActiveCfg = Debug|Any CPU
		{FBCD292D-1DA7-49AF-9257-DEDB08EF457C}.Debug|Any CPU.Build.0 = Debug|Any CPU
		{FBCD292D-1DA7-49AF-9257-DEDB08EF457C}.Release|Any CPU.ActiveCfg = Release|Any CPU
		{FBCD292D-1DA7-49AF-9257-DEDB08EF457C}.Release|Any CPU.Build.0 = Release|Any CPU
		{936A9E09-9227-4587-8CAA-82DD3310DDF9}.Debug|Any CPU.ActiveCfg = Debug|Any CPU
		{936A9E09-9227-4587-8CAA-82DD3310DDF9}.Debug|Any CPU.Build.0 = Debug|Any CPU
		{936A9E09-9227-4587-8CAA-82DD3310DDF9}.Release|Any CPU.ActiveCfg = Release|Any CPU
		{936A9E09-9227-4587-8CAA-82DD3310DDF9}.Release|Any CPU.Build.0 = Release|Any CPU
		{3FEB6058-25AA-4B3F-859B-D12B65DAD02F}.Debug|Any CPU.ActiveCfg = Debug|Any CPU
		{3FEB6058-25AA-4B3F-859B-D12B65DAD02F}.Debug|Any CPU.Build.0 = Debug|Any CPU
		{3FEB6058-25AA-4B3F-859B-D12B65DAD02F}.Release|Any CPU.ActiveCfg = Release|Any CPU
		{3FEB6058-25AA-4B3F-859B-D12B65DAD02F}.Release|Any CPU.Build.0 = Release|Any CPU
		{4837DDC7-2AA5-44AC-AE12-EF010FD9B15A}.Debug|Any CPU.ActiveCfg = Debug|Any CPU
		{4837DDC7-2AA5-44AC-AE12-EF010FD9B15A}.Debug|Any CPU.Build.0 = Debug|Any CPU
		{4837DDC7-2AA5-44AC-AE12-EF010FD9B15A}.Release|Any CPU.ActiveCfg = Release|Any CPU
		{4837DDC7-2AA5-44AC-AE12-EF010FD9B15A}.Release|Any CPU.Build.0 = Release|Any CPU
		{5833DD60-4C48-4793-9FEB-33B09B330BE5}.Debug|Any CPU.ActiveCfg = Debug|Any CPU
		{5833DD60-4C48-4793-9FEB-33B09B330BE5}.Debug|Any CPU.Build.0 = Debug|Any CPU
		{5833DD60-4C48-4793-9FEB-33B09B330BE5}.Release|Any CPU.ActiveCfg = Release|Any CPU
		{5833DD60-4C48-4793-9FEB-33B09B330BE5}.Release|Any CPU.Build.0 = Release|Any CPU
	EndGlobalSection
	GlobalSection(SolutionProperties) = preSolution
		HideSolutionNode = FALSE
	EndGlobalSection
	GlobalSection(NestedProjects) = preSolution
		{0D820C66-3F3B-4EEB-8AE8-410CA09DD7B7} = {C4BE41AE-DD8E-4D34-9951-5BADAF85BE53}
		{07E8E596-B94B-42D7-AFEA-1DCFD30154A4} = {C4BE41AE-DD8E-4D34-9951-5BADAF85BE53}
		{A0D80B46-C909-4BF3-BB15-C35CDA5146D2} = {C4BE41AE-DD8E-4D34-9951-5BADAF85BE53}
		{FA0E09AA-E408-4070-A971-C881AA08D19D} = {C4BE41AE-DD8E-4D34-9951-5BADAF85BE53}
		{0FE8A792-729B-4A75-848A-2D0747A22702} = {C4BE41AE-DD8E-4D34-9951-5BADAF85BE53}
		{FD921623-7578-48A3-8602-5C4791317D78} = {C4BE41AE-DD8E-4D34-9951-5BADAF85BE53}
		{0718836C-6B82-4B6B-B905-D6962394119A} = {3B623333-0D74-4C71-BD6E-57FB1AB51512}
		{F4AE317B-C034-4B54-844F-026F062B871C} = {3B623333-0D74-4C71-BD6E-57FB1AB51512}
		{E227CD42-EEFE-49C1-AF16-6C1624590327} = {A2D250F1-4173-41CB-A2EA-791B9E9CA65B}
		{3B30AE60-B751-47C5-9929-7E4D6F63E40B} = {20A5A6F5-B1C4-44C4-B29E-AF35F015B582}
		{0F8A45BD-7A6D-4135-B5E1-05EF15416592} = {C4BE41AE-DD8E-4D34-9951-5BADAF85BE53}
		{E7311E28-5B6A-40A0-B600-7E3E0E4454CE} = {C4BE41AE-DD8E-4D34-9951-5BADAF85BE53}
		{C04C3008-F055-4D17-90D1-C4D00A88ED4F} = {C4BE41AE-DD8E-4D34-9951-5BADAF85BE53}
		{DE50834D-D24C-4BA9-BE36-5F76A5E7E1E6} = {197618A0-BDD0-40C0-BBC3-678E58EAFF70}
		{39CA0D47-CF47-411B-AE4E-62D32480A90D} = {197618A0-BDD0-40C0-BBC3-678E58EAFF70}
		{92B0B51A-3103-4CF3-B6B2-D79166589CE9} = {197618A0-BDD0-40C0-BBC3-678E58EAFF70}
		{7829E601-512C-4159-9A44-77277ED58001} = {197618A0-BDD0-40C0-BBC3-678E58EAFF70}
		{C6C09B1F-0370-4D11-9547-263C7F3B2EB5} = {4A1500FC-B8C7-4B97-92BF-A84ABFFF236C}
		{66734056-AB1C-444E-A8A0-138ECF397B9C} = {4A1500FC-B8C7-4B97-92BF-A84ABFFF236C}
		{FA72DDFA-4A91-4278-8C04-449DD8D8A52E} = {B0715156-EC67-4A7A-8F6A-C2965322DA49}
		{882FEA6C-CA71-4939-B483-AFCB7B77E6E4} = {197618A0-BDD0-40C0-BBC3-678E58EAFF70}
		{0E6EC69E-CBE3-42DC-930D-B4E36E28B3AF} = {D0458D64-77AD-4A31-A7A6-BC71EBC5C0D2}
		{3AB7B80B-BAF5-4BC2-8CB5-B1A00E646D89} = {197618A0-BDD0-40C0-BBC3-678E58EAFF70}
		{C077037C-8A11-4F07-A98D-0BBD2DEBAB5F} = {3B623333-0D74-4C71-BD6E-57FB1AB51512}
		{895CB1D2-2A1F-4B16-9375-FFE45BAFD939} = {197618A0-BDD0-40C0-BBC3-678E58EAFF70}
		{F15AE5E5-03BD-4F1D-A40B-69355DA61E29} = {B0715156-EC67-4A7A-8F6A-C2965322DA49}
		{985BF8B9-82FC-4ED0-A9D4-E4D03AD1CD64} = {B0715156-EC67-4A7A-8F6A-C2965322DA49}
		{22C5A669-249D-4F21-AA0B-D959EE16E653} = {B0715156-EC67-4A7A-8F6A-C2965322DA49}
		{6C3762C6-366A-4E5D-BED4-A9A53ADDB19A} = {B0715156-EC67-4A7A-8F6A-C2965322DA49}
		{940B7B27-62FA-4F01-B688-F4A5F7332059} = {B0715156-EC67-4A7A-8F6A-C2965322DA49}
		{D6322174-4E49-437D-9F63-AEC0AF137229} = {197618A0-BDD0-40C0-BBC3-678E58EAFF70}
		{FBCD292D-1DA7-49AF-9257-DEDB08EF457C} = {D0458D64-77AD-4A31-A7A6-BC71EBC5C0D2}
		{936A9E09-9227-4587-8CAA-82DD3310DDF9} = {B0715156-EC67-4A7A-8F6A-C2965322DA49}
		{3FEB6058-25AA-4B3F-859B-D12B65DAD02F} = {197618A0-BDD0-40C0-BBC3-678E58EAFF70}
		{4837DDC7-2AA5-44AC-AE12-EF010FD9B15A} = {20A5A6F5-B1C4-44C4-B29E-AF35F015B582}
		{5833DD60-4C48-4793-9FEB-33B09B330BE5} = {197618A0-BDD0-40C0-BBC3-678E58EAFF70}
	EndGlobalSection
	GlobalSection(ExtensibilityGlobals) = postSolution
		SolutionGuid = {EC68E9A1-91AC-4B6A-B817-573F85D4F550}
	EndGlobalSection
EndGlobal
